// !$*UTF8*$!
{
	archiveVersion = 1;
	classes = {
	};
	objectVersion = 46;
	objects = {

/* Begin PBXBuildFile section */
		9A0ECD241E3FE37A00D63B8B /* Swift.ClassTests.swift in Sources */ = {isa = PBXBuildFile; fileRef = 9A0ECD231E3FE37A00D63B8B /* Swift.ClassTests.swift */; };
		9A27555B1E3E4A6F00F3FD4A /* TypedFieldTests.swift in Sources */ = {isa = PBXBuildFile; fileRef = 9A27555A1E3E4A6F00F3FD4A /* TypedFieldTests.swift */; };
		9A27555D1E3E4C9F00F3FD4A /* InlineFragmentTests.swift in Sources */ = {isa = PBXBuildFile; fileRef = 9A27555C1E3E4C9F00F3FD4A /* InlineFragmentTests.swift */; };
		9A27555F1E3E57F500F3FD4A /* ParameterTests.swift in Sources */ = {isa = PBXBuildFile; fileRef = 9A27555E1E3E57F500F3FD4A /* ParameterTests.swift */; };
		9A2755621E3E5C0E00F3FD4A /* Swift.VisibilityTests.swift in Sources */ = {isa = PBXBuildFile; fileRef = 9A2755611E3E5C0E00F3FD4A /* Swift.VisibilityTests.swift */; };
		9A2755641E3E5CB500F3FD4A /* Swift.ContainerTests.swift in Sources */ = {isa = PBXBuildFile; fileRef = 9A2755631E3E5CB500F3FD4A /* Swift.ContainerTests.swift */; };
		9A27556D1E41763600F3FD4A /* Schema.ObjectTypeTests.swift in Sources */ = {isa = PBXBuildFile; fileRef = 9A27556C1E41763600F3FD4A /* Schema.ObjectTypeTests.swift */; };
		9A27B0371E231AF100AFBDA6 /* InlineFragment.swift in Sources */ = {isa = PBXBuildFile; fileRef = 9A27B0361E231AF100AFBDA6 /* InlineFragment.swift */; };
		9A27B03D1E24728E00AFBDA6 /* String+CaseConversion.swift in Sources */ = {isa = PBXBuildFile; fileRef = 9A27B03C1E24728E00AFBDA6 /* String+CaseConversion.swift */; };
		9A27B03F1E24753300AFBDA6 /* String+CaseConversionTests.swift in Sources */ = {isa = PBXBuildFile; fileRef = 9A27B03E1E24753300AFBDA6 /* String+CaseConversionTests.swift */; };
		9A36AEDC1E4DF2F900DA0201 /* Arguments.swift in Sources */ = {isa = PBXBuildFile; fileRef = 9A36AEDB1E4DF2F900DA0201 /* Arguments.swift */; };
		9A47206B1E28573A002A2B64 /* ReferenceTypeTests.swift in Sources */ = {isa = PBXBuildFile; fileRef = 9A47206A1E28573A002A2B64 /* ReferenceTypeTests.swift */; };
		9A47206D1E286588002A2B64 /* InputType.swift in Sources */ = {isa = PBXBuildFile; fileRef = 9A47206C1E286588002A2B64 /* InputType.swift */; };
		9A56D4B91E51EA84008A37C5 /* main.swift in Sources */ = {isa = PBXBuildFile; fileRef = 9A36AEDD1E4DF3B700DA0201 /* main.swift */; };
		9A6D3E5A1E4285AC004135BF /* Schema.ArgumentTests.swift in Sources */ = {isa = PBXBuildFile; fileRef = 9A6D3E591E4285AC004135BF /* Schema.ArgumentTests.swift */; };
		9A6D3E5F1E42883D004135BF /* JsonCreatableTests.swift in Sources */ = {isa = PBXBuildFile; fileRef = 9A6D3E5E1E42883D004135BF /* JsonCreatableTests.swift */; };
		9A6D3E621E44ACA0004135BF /* GraphModelTests.swift in Sources */ = {isa = PBXBuildFile; fileRef = 9A6D3E611E44ACA0004135BF /* GraphModelTests.swift */; };
		9A6D3E711E491D0F004135BF /* ConcreteGraphModelTests.swift in Sources */ = {isa = PBXBuildFile; fileRef = 9A6D3E701E491D0F004135BF /* ConcreteGraphModelTests.swift */; };
		9A6D3E741E4922A0004135BF /* URLSession+GraphQL.swift in Sources */ = {isa = PBXBuildFile; fileRef = 9A6D3E731E4922A0004135BF /* URLSession+GraphQL.swift */; };
		9A8878D01E258585007FB44F /* Environment.swift in Sources */ = {isa = PBXBuildFile; fileRef = 9A8878CF1E258585007FB44F /* Environment.swift */; };
		9A8878D21E2588CC007FB44F /* ContainerTypeTests.swift in Sources */ = {isa = PBXBuildFile; fileRef = 9A8878D11E2588CC007FB44F /* ContainerTypeTests.swift */; };
		9A8878F91E2CF344007FB44F /* InputTypeTests.swift in Sources */ = {isa = PBXBuildFile; fileRef = 9A8878F81E2CF344007FB44F /* InputTypeTests.swift */; };
		9A8878FB1E2CF682007FB44F /* ValueTypeTests.swift in Sources */ = {isa = PBXBuildFile; fileRef = 9A8878FA1E2CF682007FB44F /* ValueTypeTests.swift */; };
		9A8879041E2D4D0D007FB44F /* TypedField.swift in Sources */ = {isa = PBXBuildFile; fileRef = 9A8879031E2D4D0D007FB44F /* TypedField.swift */; };
		9A88790C1E2E4719007FB44F /* GraphModel.swift in Sources */ = {isa = PBXBuildFile; fileRef = 9A88790B1E2E4718007FB44F /* GraphModel.swift */; };
		9A8E88481E71818B0042879D /* URL+ScalarTypeTests.swift in Sources */ = {isa = PBXBuildFile; fileRef = 9A8E88471E71818B0042879D /* URL+ScalarTypeTests.swift */; };
		9A9070A51E4A716400248DBF /* URLRequest+GraphQL.swift in Sources */ = {isa = PBXBuildFile; fileRef = 9A9070A41E4A716400248DBF /* URLRequest+GraphQL.swift */; };
		9A972A1E1E40BCF7007F7B0B /* Swift.EnumCaseTests.swift in Sources */ = {isa = PBXBuildFile; fileRef = 9A972A1D1E40BCF7007F7B0B /* Swift.EnumCaseTests.swift */; };
		9A972A321E40D3D1007F7B0B /* Swift.MethodTests.swift in Sources */ = {isa = PBXBuildFile; fileRef = 9A972A311E40D3D1007F7B0B /* Swift.MethodTests.swift */; };
		9A972A341E40EE56007F7B0B /* Swift.PropertyTests.swift in Sources */ = {isa = PBXBuildFile; fileRef = 9A972A331E40EE56007F7B0B /* Swift.PropertyTests.swift */; };
		9A972A361E4134F1007F7B0B /* Swift.AliasTests.swift in Sources */ = {isa = PBXBuildFile; fileRef = 9A972A351E4134F1007F7B0B /* Swift.AliasTests.swift */; };
		9A972A391E413A05007F7B0B /* Schema.KindTests.swift in Sources */ = {isa = PBXBuildFile; fileRef = 9A972A381E413A05007F7B0B /* Schema.KindTests.swift */; };
		9A972A3B1E4209DF007F7B0B /* Schema.ObjectTests.swift in Sources */ = {isa = PBXBuildFile; fileRef = 9A972A3A1E4209DF007F7B0B /* Schema.ObjectTests.swift */; };
		9A972A3D1E4219C7007F7B0B /* Schema.EnumValueTests.swift in Sources */ = {isa = PBXBuildFile; fileRef = 9A972A3C1E4219C7007F7B0B /* Schema.EnumValueTests.swift */; };
		9A972A3F1E421B06007F7B0B /* Schema.FieldTests.swift in Sources */ = {isa = PBXBuildFile; fileRef = 9A972A3E1E421B06007F7B0B /* Schema.FieldTests.swift */; };
		9A972A411E421E72007F7B0B /* Schema.InputFieldTests.swift in Sources */ = {isa = PBXBuildFile; fileRef = 9A972A401E421E72007F7B0B /* Schema.InputFieldTests.swift */; };
		9A9A6A171E0EC9C6008754A4 /* Gryphin.framework in Frameworks */ = {isa = PBXBuildFile; fileRef = 9A9A6A0D1E0EC9C6008754A4 /* Gryphin.framework */; };
		9A9A6A1E1E0EC9C6008754A4 /* Gryphin.h in Headers */ = {isa = PBXBuildFile; fileRef = 9A9A6A101E0EC9C6008754A4 /* Gryphin.h */; settings = {ATTRIBUTES = (Public, ); }; };
		9A9A6A2E1E0EC9E2008754A4 /* JsonCreatable.swift in Sources */ = {isa = PBXBuildFile; fileRef = 9A9A6A271E0EC9E2008754A4 /* JsonCreatable.swift */; };
		9A9A6A4E1E0ECA33008754A4 /* ValueType.swift in Sources */ = {isa = PBXBuildFile; fileRef = 9A9A6A461E0ECA33008754A4 /* ValueType.swift */; };
		9A9A6A4F1E0ECA33008754A4 /* ReferenceType.swift in Sources */ = {isa = PBXBuildFile; fileRef = 9A9A6A471E0ECA33008754A4 /* ReferenceType.swift */; };
		9A9A6A501E0ECA33008754A4 /* ContainerType.swift in Sources */ = {isa = PBXBuildFile; fileRef = 9A9A6A481E0ECA33008754A4 /* ContainerType.swift */; };
		9A9A6A521E0ECA33008754A4 /* Field.swift in Sources */ = {isa = PBXBuildFile; fileRef = 9A9A6A4A1E0ECA33008754A4 /* Field.swift */; };
		9A9A6A551E0ECA33008754A4 /* Parameter.swift in Sources */ = {isa = PBXBuildFile; fileRef = 9A9A6A4D1E0ECA33008754A4 /* Parameter.swift */; };
		9A9A6A5C1E0ECA55008754A4 /* String+Newline.swift in Sources */ = {isa = PBXBuildFile; fileRef = 9A9A6A561E0ECA55008754A4 /* String+Newline.swift */; };
		9A9A6A5D1E0ECA55008754A4 /* FieldTests.swift in Sources */ = {isa = PBXBuildFile; fileRef = 9A9A6A571E0ECA55008754A4 /* FieldTests.swift */; };
		9AD022051E3BA495005C49F8 /* ConcreteGraphModel.swift in Sources */ = {isa = PBXBuildFile; fileRef = 9AD022041E3BA495005C49F8 /* ConcreteGraphModel.swift */; };
		9AD0220F1E3F66E0005C49F8 /* Swift.AnnotationTests.swift in Sources */ = {isa = PBXBuildFile; fileRef = 9AD0220E1E3F66E0005C49F8 /* Swift.AnnotationTests.swift */; };
		9AD022111E3F680F005C49F8 /* Swift.LinesTests.swift in Sources */ = {isa = PBXBuildFile; fileRef = 9AD022101E3F680F005C49F8 /* Swift.LinesTests.swift */; };
		9AD26F1E1E51EC44002DC70F /* Schema.Argument.swift in Sources */ = {isa = PBXBuildFile; fileRef = 9A9A6A2D1E0EC9E2008754A4 /* Schema.Argument.swift */; };
		9AD26F1F1E51EC45002DC70F /* Schema.InputField.swift in Sources */ = {isa = PBXBuildFile; fileRef = 9A7F3C9A1E196E4F000D4455 /* Schema.InputField.swift */; };
		9AD26F201E51EC47002DC70F /* Schema.Field.swift in Sources */ = {isa = PBXBuildFile; fileRef = 9A9A6A2C1E0EC9E2008754A4 /* Schema.Field.swift */; };
		9AD26F211E51EC48002DC70F /* Schema.EnumValue.swift in Sources */ = {isa = PBXBuildFile; fileRef = 9A98A32F1E140B7C00B2AD52 /* Schema.EnumValue.swift */; };
		9AD26F221E51EC4A002DC70F /* Schema.Object.swift in Sources */ = {isa = PBXBuildFile; fileRef = 9A9A6A2B1E0EC9E2008754A4 /* Schema.Object.swift */; };
		9AD26F231E51EC4C002DC70F /* Schema.ObjectType.swift in Sources */ = {isa = PBXBuildFile; fileRef = 9A9A6A2A1E0EC9E2008754A4 /* Schema.ObjectType.swift */; };
		9AD26F241E51EC4D002DC70F /* Schema.Kind.swift in Sources */ = {isa = PBXBuildFile; fileRef = 9A9A6A291E0EC9E2008754A4 /* Schema.Kind.swift */; };
		9AD26F251E51EC51002DC70F /* Schema.swift in Sources */ = {isa = PBXBuildFile; fileRef = 9A9A6A281E0EC9E2008754A4 /* Schema.swift */; };
		9AD26F261E51EC52002DC70F /* Describeable.swift in Sources */ = {isa = PBXBuildFile; fileRef = 9A7F3C9E1E196FBA000D4455 /* Describeable.swift */; };
		9AD26F271E51EC53002DC70F /* Typeable.swift in Sources */ = {isa = PBXBuildFile; fileRef = 9AA48FBE1E227D410028F044 /* Typeable.swift */; };
		9AD26F281E51EC55002DC70F /* Nameable.swift in Sources */ = {isa = PBXBuildFile; fileRef = 9A7F3C9C1E196F91000D4455 /* Nameable.swift */; };
		9AD26F291E51EC5D002DC70F /* StringRepresentable.swift in Sources */ = {isa = PBXBuildFile; fileRef = 9A9A6A371E0EC9F8008754A4 /* StringRepresentable.swift */; };
		9AD26F2A1E51EC60002DC70F /* Containable.swift in Sources */ = {isa = PBXBuildFile; fileRef = 9A98A33A1E159E5100B2AD52 /* Containable.swift */; };
		9AD26F2B1E51EC62002DC70F /* Containing.swift in Sources */ = {isa = PBXBuildFile; fileRef = 9A9A6A381E0EC9F8008754A4 /* Containing.swift */; };
		9AD26F2C1E51EC64002DC70F /* Swift.swift in Sources */ = {isa = PBXBuildFile; fileRef = 9A9A6A661E12CAC1008754A4 /* Swift.swift */; };
		9AD26F2D1E51EC65002DC70F /* Swift.Visibility.swift in Sources */ = {isa = PBXBuildFile; fileRef = 9A9A6A3B1E0EC9F8008754A4 /* Swift.Visibility.swift */; };
		9AD26F2E1E51EC67002DC70F /* Swift.Container.swift in Sources */ = {isa = PBXBuildFile; fileRef = 9A9A6A3A1E0EC9F8008754A4 /* Swift.Container.swift */; };
		9AD26F2F1E51EC68002DC70F /* Swift.Annotation.swift in Sources */ = {isa = PBXBuildFile; fileRef = 9A98A3401E15F3F800B2AD52 /* Swift.Annotation.swift */; };
		9AD26F301E51EC6A002DC70F /* Swift.Line.swift in Sources */ = {isa = PBXBuildFile; fileRef = 9A9A6A6A1E12D2F6008754A4 /* Swift.Line.swift */; };
		9AD26F311E51EC6B002DC70F /* Swift.Class.swift in Sources */ = {isa = PBXBuildFile; fileRef = 9A9A6A3C1E0EC9F8008754A4 /* Swift.Class.swift */; };
		9AD26F321E51EC6C002DC70F /* Swift.EnumCase.swift in Sources */ = {isa = PBXBuildFile; fileRef = 9A8DAACF1E1712960032CC6F /* Swift.EnumCase.swift */; };
		9AD26F331E51EC6F002DC70F /* Swift.Method.swift in Sources */ = {isa = PBXBuildFile; fileRef = 9A9A6A3D1E0EC9F8008754A4 /* Swift.Method.swift */; };
		9AD26F341E51EC70002DC70F /* Swift.Property.swift in Sources */ = {isa = PBXBuildFile; fileRef = 9A98A33E1E15F2A700B2AD52 /* Swift.Property.swift */; };
		9AD26F351E51EC72002DC70F /* Swift.Alias.swift in Sources */ = {isa = PBXBuildFile; fileRef = 9A98A3381E159B8000B2AD52 /* Swift.Alias.swift */; };
		9AD26F361E51EC74002DC70F /* Swift.Generator.swift in Sources */ = {isa = PBXBuildFile; fileRef = 9A98A3311E140EAB00B2AD52 /* Swift.Generator.swift */; };
		9AD26F6B1E51ED15002DC70F /* Nameable.swift in Sources */ = {isa = PBXBuildFile; fileRef = 9A7F3C9C1E196F91000D4455 /* Nameable.swift */; };
		9AD26F6C1E51ED15002DC70F /* Typeable.swift in Sources */ = {isa = PBXBuildFile; fileRef = 9AA48FBE1E227D410028F044 /* Typeable.swift */; };
		9AD26F6D1E51ED15002DC70F /* Describeable.swift in Sources */ = {isa = PBXBuildFile; fileRef = 9A7F3C9E1E196FBA000D4455 /* Describeable.swift */; };
		9AD26F6E1E51ED15002DC70F /* Schema.swift in Sources */ = {isa = PBXBuildFile; fileRef = 9A9A6A281E0EC9E2008754A4 /* Schema.swift */; };
		9AD26F6F1E51ED15002DC70F /* Schema.Kind.swift in Sources */ = {isa = PBXBuildFile; fileRef = 9A9A6A291E0EC9E2008754A4 /* Schema.Kind.swift */; };
		9AD26F701E51ED15002DC70F /* Schema.ObjectType.swift in Sources */ = {isa = PBXBuildFile; fileRef = 9A9A6A2A1E0EC9E2008754A4 /* Schema.ObjectType.swift */; };
		9AD26F711E51ED15002DC70F /* Schema.Object.swift in Sources */ = {isa = PBXBuildFile; fileRef = 9A9A6A2B1E0EC9E2008754A4 /* Schema.Object.swift */; };
		9AD26F721E51ED15002DC70F /* Schema.EnumValue.swift in Sources */ = {isa = PBXBuildFile; fileRef = 9A98A32F1E140B7C00B2AD52 /* Schema.EnumValue.swift */; };
		9AD26F731E51ED15002DC70F /* Schema.Field.swift in Sources */ = {isa = PBXBuildFile; fileRef = 9A9A6A2C1E0EC9E2008754A4 /* Schema.Field.swift */; };
		9AD26F741E51ED15002DC70F /* Schema.InputField.swift in Sources */ = {isa = PBXBuildFile; fileRef = 9A7F3C9A1E196E4F000D4455 /* Schema.InputField.swift */; };
		9AD26F751E51ED15002DC70F /* Schema.Argument.swift in Sources */ = {isa = PBXBuildFile; fileRef = 9A9A6A2D1E0EC9E2008754A4 /* Schema.Argument.swift */; };
		9AD26F851E51ED1E002DC70F /* StringRepresentable.swift in Sources */ = {isa = PBXBuildFile; fileRef = 9A9A6A371E0EC9F8008754A4 /* StringRepresentable.swift */; };
		9AD26F861E51ED1E002DC70F /* Containable.swift in Sources */ = {isa = PBXBuildFile; fileRef = 9A98A33A1E159E5100B2AD52 /* Containable.swift */; };
		9AD26F871E51ED1E002DC70F /* Containing.swift in Sources */ = {isa = PBXBuildFile; fileRef = 9A9A6A381E0EC9F8008754A4 /* Containing.swift */; };
		9AD26F881E51ED1E002DC70F /* Swift.swift in Sources */ = {isa = PBXBuildFile; fileRef = 9A9A6A661E12CAC1008754A4 /* Swift.swift */; };
		9AD26F891E51ED1E002DC70F /* Swift.Visibility.swift in Sources */ = {isa = PBXBuildFile; fileRef = 9A9A6A3B1E0EC9F8008754A4 /* Swift.Visibility.swift */; };
		9AD26F8A1E51ED1E002DC70F /* Swift.Container.swift in Sources */ = {isa = PBXBuildFile; fileRef = 9A9A6A3A1E0EC9F8008754A4 /* Swift.Container.swift */; };
		9AD26F8B1E51ED1E002DC70F /* Swift.Annotation.swift in Sources */ = {isa = PBXBuildFile; fileRef = 9A98A3401E15F3F800B2AD52 /* Swift.Annotation.swift */; };
		9AD26F8C1E51ED1E002DC70F /* Swift.Line.swift in Sources */ = {isa = PBXBuildFile; fileRef = 9A9A6A6A1E12D2F6008754A4 /* Swift.Line.swift */; };
		9AD26F8D1E51ED1E002DC70F /* Swift.Class.swift in Sources */ = {isa = PBXBuildFile; fileRef = 9A9A6A3C1E0EC9F8008754A4 /* Swift.Class.swift */; };
		9AD26F8E1E51ED1E002DC70F /* Swift.EnumCase.swift in Sources */ = {isa = PBXBuildFile; fileRef = 9A8DAACF1E1712960032CC6F /* Swift.EnumCase.swift */; };
		9AD26F8F1E51ED1E002DC70F /* Swift.Method.swift in Sources */ = {isa = PBXBuildFile; fileRef = 9A9A6A3D1E0EC9F8008754A4 /* Swift.Method.swift */; };
		9AD26F901E51ED1E002DC70F /* Swift.Property.swift in Sources */ = {isa = PBXBuildFile; fileRef = 9A98A33E1E15F2A700B2AD52 /* Swift.Property.swift */; };
		9AD26F911E51ED1E002DC70F /* Swift.Alias.swift in Sources */ = {isa = PBXBuildFile; fileRef = 9A98A3381E159B8000B2AD52 /* Swift.Alias.swift */; };
		9AD26F921E51ED1E002DC70F /* Swift.Generator.swift in Sources */ = {isa = PBXBuildFile; fileRef = 9A98A3311E140EAB00B2AD52 /* Swift.Generator.swift */; };
		9AD26FA11E5258D7002DC70F /* Nameable.swift in Sources */ = {isa = PBXBuildFile; fileRef = 9A7F3C9C1E196F91000D4455 /* Nameable.swift */; };
		9AD26FA21E5258D7002DC70F /* Typeable.swift in Sources */ = {isa = PBXBuildFile; fileRef = 9AA48FBE1E227D410028F044 /* Typeable.swift */; };
		9AD26FA31E5258D7002DC70F /* Describeable.swift in Sources */ = {isa = PBXBuildFile; fileRef = 9A7F3C9E1E196FBA000D4455 /* Describeable.swift */; };
		9AD26FA41E5258D7002DC70F /* Schema.swift in Sources */ = {isa = PBXBuildFile; fileRef = 9A9A6A281E0EC9E2008754A4 /* Schema.swift */; };
		9AD26FA51E5258D7002DC70F /* Schema.Kind.swift in Sources */ = {isa = PBXBuildFile; fileRef = 9A9A6A291E0EC9E2008754A4 /* Schema.Kind.swift */; };
		9AD26FA61E5258D7002DC70F /* Schema.ObjectType.swift in Sources */ = {isa = PBXBuildFile; fileRef = 9A9A6A2A1E0EC9E2008754A4 /* Schema.ObjectType.swift */; };
		9AD26FA71E5258D7002DC70F /* Schema.Object.swift in Sources */ = {isa = PBXBuildFile; fileRef = 9A9A6A2B1E0EC9E2008754A4 /* Schema.Object.swift */; };
		9AD26FA81E5258D7002DC70F /* Schema.EnumValue.swift in Sources */ = {isa = PBXBuildFile; fileRef = 9A98A32F1E140B7C00B2AD52 /* Schema.EnumValue.swift */; };
		9AD26FA91E5258D7002DC70F /* Schema.Field.swift in Sources */ = {isa = PBXBuildFile; fileRef = 9A9A6A2C1E0EC9E2008754A4 /* Schema.Field.swift */; };
		9AD26FAA1E5258D7002DC70F /* Schema.InputField.swift in Sources */ = {isa = PBXBuildFile; fileRef = 9A7F3C9A1E196E4F000D4455 /* Schema.InputField.swift */; };
		9AD26FAB1E5258D7002DC70F /* Schema.Argument.swift in Sources */ = {isa = PBXBuildFile; fileRef = 9A9A6A2D1E0EC9E2008754A4 /* Schema.Argument.swift */; };
		9AD26FAC1E5258D7002DC70F /* StringRepresentable.swift in Sources */ = {isa = PBXBuildFile; fileRef = 9A9A6A371E0EC9F8008754A4 /* StringRepresentable.swift */; };
		9AD26FAD1E5258D7002DC70F /* Containable.swift in Sources */ = {isa = PBXBuildFile; fileRef = 9A98A33A1E159E5100B2AD52 /* Containable.swift */; };
		9AD26FAE1E5258D7002DC70F /* Containing.swift in Sources */ = {isa = PBXBuildFile; fileRef = 9A9A6A381E0EC9F8008754A4 /* Containing.swift */; };
		9AD26FAF1E5258D7002DC70F /* Swift.swift in Sources */ = {isa = PBXBuildFile; fileRef = 9A9A6A661E12CAC1008754A4 /* Swift.swift */; };
		9AD26FB01E5258D7002DC70F /* Swift.Visibility.swift in Sources */ = {isa = PBXBuildFile; fileRef = 9A9A6A3B1E0EC9F8008754A4 /* Swift.Visibility.swift */; };
		9AD26FB11E5258D7002DC70F /* Swift.Container.swift in Sources */ = {isa = PBXBuildFile; fileRef = 9A9A6A3A1E0EC9F8008754A4 /* Swift.Container.swift */; };
		9AD26FB21E5258D7002DC70F /* Swift.Annotation.swift in Sources */ = {isa = PBXBuildFile; fileRef = 9A98A3401E15F3F800B2AD52 /* Swift.Annotation.swift */; };
		9AD26FB31E5258D7002DC70F /* Swift.Line.swift in Sources */ = {isa = PBXBuildFile; fileRef = 9A9A6A6A1E12D2F6008754A4 /* Swift.Line.swift */; };
		9AD26FB41E5258D7002DC70F /* Swift.Class.swift in Sources */ = {isa = PBXBuildFile; fileRef = 9A9A6A3C1E0EC9F8008754A4 /* Swift.Class.swift */; };
		9AD26FB51E5258D7002DC70F /* Swift.EnumCase.swift in Sources */ = {isa = PBXBuildFile; fileRef = 9A8DAACF1E1712960032CC6F /* Swift.EnumCase.swift */; };
		9AD26FB61E5258D7002DC70F /* Swift.Method.swift in Sources */ = {isa = PBXBuildFile; fileRef = 9A9A6A3D1E0EC9F8008754A4 /* Swift.Method.swift */; };
		9AD26FB71E5258D7002DC70F /* Swift.Property.swift in Sources */ = {isa = PBXBuildFile; fileRef = 9A98A33E1E15F2A700B2AD52 /* Swift.Property.swift */; };
		9AD26FB81E5258D7002DC70F /* Swift.Alias.swift in Sources */ = {isa = PBXBuildFile; fileRef = 9A98A3381E159B8000B2AD52 /* Swift.Alias.swift */; };
		9AD26FB91E5258D7002DC70F /* Swift.Generator.swift in Sources */ = {isa = PBXBuildFile; fileRef = 9A98A3311E140EAB00B2AD52 /* Swift.Generator.swift */; };
		9AD26FBA1E5258D7002DC70F /* InputType.swift in Sources */ = {isa = PBXBuildFile; fileRef = 9A47206C1E286588002A2B64 /* InputType.swift */; };
		9AD26FBB1E5258D7002DC70F /* URLSession+GraphQL.swift in Sources */ = {isa = PBXBuildFile; fileRef = 9A6D3E731E4922A0004135BF /* URLSession+GraphQL.swift */; };
		9AD26FBC1E5258D7002DC70F /* URLRequest+GraphQL.swift in Sources */ = {isa = PBXBuildFile; fileRef = 9A9070A41E4A716400248DBF /* URLRequest+GraphQL.swift */; };
		9AD26FBD1E5258D7002DC70F /* ContainerType.swift in Sources */ = {isa = PBXBuildFile; fileRef = 9A9A6A481E0ECA33008754A4 /* ContainerType.swift */; };
		9AD26FBE1E5258D7002DC70F /* JsonCreatable.swift in Sources */ = {isa = PBXBuildFile; fileRef = 9A9A6A271E0EC9E2008754A4 /* JsonCreatable.swift */; };
		9AD26FBF1E5258D7002DC70F /* Parameter.swift in Sources */ = {isa = PBXBuildFile; fileRef = 9A9A6A4D1E0ECA33008754A4 /* Parameter.swift */; };
		9AD26FC01E5258D7002DC70F /* String+CaseConversion.swift in Sources */ = {isa = PBXBuildFile; fileRef = 9A27B03C1E24728E00AFBDA6 /* String+CaseConversion.swift */; };
		9AD26FC11E5258D7002DC70F /* ConcreteGraphModel.swift in Sources */ = {isa = PBXBuildFile; fileRef = 9AD022041E3BA495005C49F8 /* ConcreteGraphModel.swift */; };
		9AD26FC21E5258D7002DC70F /* Environment.swift in Sources */ = {isa = PBXBuildFile; fileRef = 9A8878CF1E258585007FB44F /* Environment.swift */; };
		9AD26FC31E5258D7002DC70F /* Field.swift in Sources */ = {isa = PBXBuildFile; fileRef = 9A9A6A4A1E0ECA33008754A4 /* Field.swift */; };
		9AD26FC41E5258D7002DC70F /* TypedField.swift in Sources */ = {isa = PBXBuildFile; fileRef = 9A8879031E2D4D0D007FB44F /* TypedField.swift */; };
		9AD26FC51E5258D7002DC70F /* InlineFragment.swift in Sources */ = {isa = PBXBuildFile; fileRef = 9A27B0361E231AF100AFBDA6 /* InlineFragment.swift */; };
		9AD26FC61E5258D7002DC70F /* GraphQL.swift in Sources */ = {isa = PBXBuildFile; fileRef = 9AD6AA8B1E37BA0400BF909C /* GraphQL.swift */; };
		9AD26FC71E5258D7002DC70F /* ValueType.swift in Sources */ = {isa = PBXBuildFile; fileRef = 9A9A6A461E0ECA33008754A4 /* ValueType.swift */; };
		9AD26FC81E5258D7002DC70F /* Collection+Append.swift in Sources */ = {isa = PBXBuildFile; fileRef = 9ADAD3E71E50F2CE008AC561 /* Collection+Append.swift */; };
		9AD26FC91E5258D7002DC70F /* GraphModel.swift in Sources */ = {isa = PBXBuildFile; fileRef = 9A88790B1E2E4718007FB44F /* GraphModel.swift */; };
		9AD26FCA1E5258D7002DC70F /* ReferenceType.swift in Sources */ = {isa = PBXBuildFile; fileRef = 9A9A6A471E0ECA33008754A4 /* ReferenceType.swift */; };
		9AD26FD21E5258D7002DC70F /* Gryphin.h in Headers */ = {isa = PBXBuildFile; fileRef = 9A9A6A101E0EC9C6008754A4 /* Gryphin.h */; settings = {ATTRIBUTES = (Public, ); }; };
		9AD5FF7C1E4D21AF0062070B /* Environment.swift in Sources */ = {isa = PBXBuildFile; fileRef = 9A8878CF1E258585007FB44F /* Environment.swift */; };
		9AD5FF7E1E4D21AF0062070B /* GraphQL.swift in Sources */ = {isa = PBXBuildFile; fileRef = 9AD6AA8B1E37BA0400BF909C /* GraphQL.swift */; };
		9AD5FF981E4D21C40062070B /* String+CaseConversion.swift in Sources */ = {isa = PBXBuildFile; fileRef = 9A27B03C1E24728E00AFBDA6 /* String+CaseConversion.swift */; };
		9AD6AA761E3657A200BF909C /* queryComprehensive.json in Resources */ = {isa = PBXBuildFile; fileRef = 9AD6AA751E3657A200BF909C /* queryComprehensive.json */; };
		9AD6AA891E3795FC00BF909C /* queryNode.json in Resources */ = {isa = PBXBuildFile; fileRef = 9AD6AA881E3795FC00BF909C /* queryNode.json */; };
		9AD6AA8C1E37BA0400BF909C /* GraphQL.swift in Sources */ = {isa = PBXBuildFile; fileRef = 9AD6AA8B1E37BA0400BF909C /* GraphQL.swift */; };
		9ADAD0A61E436FCF008AC561 /* GraphQLTests.swift in Sources */ = {isa = PBXBuildFile; fileRef = 9ADAD0A51E436FCF008AC561 /* GraphQLTests.swift */; };
		9ADAD0A81E43713C008AC561 /* ContainingTests.swift in Sources */ = {isa = PBXBuildFile; fileRef = 9ADAD0A71E43713C008AC561 /* ContainingTests.swift */; };
		9ADAD3E81E50F2CE008AC561 /* Collection+Append.swift in Sources */ = {isa = PBXBuildFile; fileRef = 9ADAD3E71E50F2CE008AC561 /* Collection+Append.swift */; };
		9ADAD3E91E50F31D008AC561 /* Collection+Append.swift in Sources */ = {isa = PBXBuildFile; fileRef = 9ADAD3E71E50F2CE008AC561 /* Collection+Append.swift */; };
		9ADAD4521E533793008AC561 /* GryphinGenerate in Copy Generator to /tmp */ = {isa = PBXBuildFile; fileRef = 9AD5FF731E4D214B0062070B /* GryphinGenerate */; };
		9ADAD50D1E6C4972008AC561 /* IntrospectionCoordinator.swift in Sources */ = {isa = PBXBuildFile; fileRef = 9ADAD50C1E6C4972008AC561 /* IntrospectionCoordinator.swift */; };
		9ADAD50E1E6C4972008AC561 /* IntrospectionCoordinator.swift in Sources */ = {isa = PBXBuildFile; fileRef = 9ADAD50C1E6C4972008AC561 /* IntrospectionCoordinator.swift */; };
		9ADAD50F1E6C4972008AC561 /* IntrospectionCoordinator.swift in Sources */ = {isa = PBXBuildFile; fileRef = 9ADAD50C1E6C4972008AC561 /* IntrospectionCoordinator.swift */; };
		9ADAD5111E6C62B5008AC561 /* Decimal+ScalarType.swift in Sources */ = {isa = PBXBuildFile; fileRef = 9ADAD5101E6C62B5008AC561 /* Decimal+ScalarType.swift */; };
		9ADAD5121E6C62B5008AC561 /* Decimal+ScalarType.swift in Sources */ = {isa = PBXBuildFile; fileRef = 9ADAD5101E6C62B5008AC561 /* Decimal+ScalarType.swift */; };
		9ADAD5131E6C62B5008AC561 /* Decimal+ScalarType.swift in Sources */ = {isa = PBXBuildFile; fileRef = 9ADAD5101E6C62B5008AC561 /* Decimal+ScalarType.swift */; };
		9ADAD5151E70FAF1008AC561 /* Collection+AppendTests.swift in Sources */ = {isa = PBXBuildFile; fileRef = 9ADAD5141E70FAF1008AC561 /* Collection+AppendTests.swift */; };
		9AEF60CC1E5C782C0067FA90 /* GraphError.swift in Sources */ = {isa = PBXBuildFile; fileRef = 9AEF60CB1E5C782C0067FA90 /* GraphError.swift */; };
		9AEF60CD1E5C782C0067FA90 /* GraphError.swift in Sources */ = {isa = PBXBuildFile; fileRef = 9AEF60CB1E5C782C0067FA90 /* GraphError.swift */; };
		9AEF60D21E5CE5180067FA90 /* GraphErrorTests.swift in Sources */ = {isa = PBXBuildFile; fileRef = 9AEF60D11E5CE5180067FA90 /* GraphErrorTests.swift */; };
		9AEF60D61E5DB8DA0067FA90 /* Configuration.swift in Sources */ = {isa = PBXBuildFile; fileRef = 9AEF60D51E5DB8DA0067FA90 /* Configuration.swift */; };
		9AEF60D71E5DB8DA0067FA90 /* Configuration.swift in Sources */ = {isa = PBXBuildFile; fileRef = 9AEF60D51E5DB8DA0067FA90 /* Configuration.swift */; };
		9AEF60D81E5DB8DA0067FA90 /* Configuration.swift in Sources */ = {isa = PBXBuildFile; fileRef = 9AEF60D51E5DB8DA0067FA90 /* Configuration.swift */; };
		9AEF60DA1E5DBD620067FA90 /* ConfigurationCoordinator.swift in Sources */ = {isa = PBXBuildFile; fileRef = 9AEF60D91E5DBD620067FA90 /* ConfigurationCoordinator.swift */; };
		9AEF60DB1E5DBD620067FA90 /* ConfigurationCoordinator.swift in Sources */ = {isa = PBXBuildFile; fileRef = 9AEF60D91E5DBD620067FA90 /* ConfigurationCoordinator.swift */; };
		9AEF60DC1E5DBD620067FA90 /* ConfigurationCoordinator.swift in Sources */ = {isa = PBXBuildFile; fileRef = 9AEF60D91E5DBD620067FA90 /* ConfigurationCoordinator.swift */; };
		9AEF60DF1E5DC86B0067FA90 /* ConfigurationTests.swift in Sources */ = {isa = PBXBuildFile; fileRef = 9AEF60DE1E5DC86B0067FA90 /* ConfigurationTests.swift */; };
		9AEF60E31E5E7B9F0067FA90 /* Executable.swift in Sources */ = {isa = PBXBuildFile; fileRef = 9AEF60E21E5E7B9F0067FA90 /* Executable.swift */; };
		9AFA3B461E6997B50056C5AA /* ScalarType.swift in Sources */ = {isa = PBXBuildFile; fileRef = 9AFA3B451E6997B50056C5AA /* ScalarType.swift */; };
		9AFA3B471E6997B50056C5AA /* ScalarType.swift in Sources */ = {isa = PBXBuildFile; fileRef = 9AFA3B451E6997B50056C5AA /* ScalarType.swift */; };
		9AFA3B4A1E6997C60056C5AA /* URL+ScalarType.swift in Sources */ = {isa = PBXBuildFile; fileRef = 9AFA3B491E6997C60056C5AA /* URL+ScalarType.swift */; };
		9AFA3B4B1E6997C60056C5AA /* URL+ScalarType.swift in Sources */ = {isa = PBXBuildFile; fileRef = 9AFA3B491E6997C60056C5AA /* URL+ScalarType.swift */; };
		9AFA3B4D1E699B540056C5AA /* JsonCreatable.swift in Sources */ = {isa = PBXBuildFile; fileRef = 9A9A6A271E0EC9E2008754A4 /* JsonCreatable.swift */; };
		9AFA3B4E1E699B5A0056C5AA /* ScalarType.swift in Sources */ = {isa = PBXBuildFile; fileRef = 9AFA3B451E6997B50056C5AA /* ScalarType.swift */; };
		9AFA3B4F1E699B5A0056C5AA /* URL+ScalarType.swift in Sources */ = {isa = PBXBuildFile; fileRef = 9AFA3B491E6997C60056C5AA /* URL+ScalarType.swift */; };
		9AFA3B551E6A3CFD0056C5AA /* Date+ScalarType.swift in Sources */ = {isa = PBXBuildFile; fileRef = 9AFA3B541E6A3CFD0056C5AA /* Date+ScalarType.swift */; };
		9AFA3B561E6A3CFD0056C5AA /* Date+ScalarType.swift in Sources */ = {isa = PBXBuildFile; fileRef = 9AFA3B541E6A3CFD0056C5AA /* Date+ScalarType.swift */; };
		9AFA3B571E6A3CFD0056C5AA /* Date+ScalarType.swift in Sources */ = {isa = PBXBuildFile; fileRef = 9AFA3B541E6A3CFD0056C5AA /* Date+ScalarType.swift */; };
		9AFA3B5E1E6A3E950056C5AA /* Gen$aliases.swift in Sources */ = {isa = PBXBuildFile; fileRef = 9AFA3B581E6A3E830056C5AA /* Gen$aliases.swift */; };
		9AFA3B5F1E6A3E950056C5AA /* Gen$enums.swift in Sources */ = {isa = PBXBuildFile; fileRef = 9AFA3B591E6A3E830056C5AA /* Gen$enums.swift */; };
		9AFA3B601E6A3E950056C5AA /* Gen$inputs.swift in Sources */ = {isa = PBXBuildFile; fileRef = 9AFA3B5A1E6A3E830056C5AA /* Gen$inputs.swift */; };
		9AFA3B611E6A3E950056C5AA /* Gen$models.swift in Sources */ = {isa = PBXBuildFile; fileRef = 9AFA3B5B1E6A3E830056C5AA /* Gen$models.swift */; };
		9AFA3B621E6A3E950056C5AA /* Gen$network.swift in Sources */ = {isa = PBXBuildFile; fileRef = 9AFA3B5C1E6A3E830056C5AA /* Gen$network.swift */; };
		9AFA3B631E6A3E950056C5AA /* Gen$queries.swift in Sources */ = {isa = PBXBuildFile; fileRef = 9AFA3B5D1E6A3E830056C5AA /* Gen$queries.swift */; };
		9AFA3B641E6A3E9B0056C5AA /* Gen$aliases.swift in Sources */ = {isa = PBXBuildFile; fileRef = 9AFA3B581E6A3E830056C5AA /* Gen$aliases.swift */; };
		9AFA3B651E6A3E9B0056C5AA /* Gen$enums.swift in Sources */ = {isa = PBXBuildFile; fileRef = 9AFA3B591E6A3E830056C5AA /* Gen$enums.swift */; };
		9AFA3B661E6A3E9B0056C5AA /* Gen$inputs.swift in Sources */ = {isa = PBXBuildFile; fileRef = 9AFA3B5A1E6A3E830056C5AA /* Gen$inputs.swift */; };
		9AFA3B671E6A3E9B0056C5AA /* Gen$models.swift in Sources */ = {isa = PBXBuildFile; fileRef = 9AFA3B5B1E6A3E830056C5AA /* Gen$models.swift */; };
		9AFA3B681E6A3E9B0056C5AA /* Gen$network.swift in Sources */ = {isa = PBXBuildFile; fileRef = 9AFA3B5C1E6A3E830056C5AA /* Gen$network.swift */; };
		9AFA3B691E6A3E9B0056C5AA /* Gen$queries.swift in Sources */ = {isa = PBXBuildFile; fileRef = 9AFA3B5D1E6A3E830056C5AA /* Gen$queries.swift */; };
/* End PBXBuildFile section */

/* Begin PBXContainerItemProxy section */
		9A9A6A181E0EC9C6008754A4 /* PBXContainerItemProxy */ = {
			isa = PBXContainerItemProxy;
			containerPortal = 9A9A6A041E0EC9C6008754A4 /* Project object */;
			proxyType = 1;
			remoteGlobalIDString = 9A9A6A0C1E0EC9C6008754A4;
			remoteInfo = Gryphin;
		};
		9AD26F501E51ECDB002DC70F /* PBXContainerItemProxy */ = {
			isa = PBXContainerItemProxy;
			containerPortal = 9A9A6A041E0EC9C6008754A4 /* Project object */;
			proxyType = 1;
			remoteGlobalIDString = 9AD5FF721E4D214B0062070B;
			remoteInfo = GryphinGenerate;
		};
		9ADAD4531E5337BD008AC561 /* PBXContainerItemProxy */ = {
			isa = PBXContainerItemProxy;
			containerPortal = 9A9A6A041E0EC9C6008754A4 /* Project object */;
			proxyType = 1;
			remoteGlobalIDString = 9AD5FF721E4D214B0062070B;
			remoteInfo = GryphinGenerate;
		};
/* End PBXContainerItemProxy section */

/* Begin PBXCopyFilesBuildPhase section */
		9AD5FF711E4D214B0062070B /* Copy Generator to /tmp */ = {
			isa = PBXCopyFilesBuildPhase;
			buildActionMask = 12;
			dstPath = /tmp;
			dstSubfolderSpec = 0;
			files = (
				9ADAD4521E533793008AC561 /* GryphinGenerate in Copy Generator to /tmp */,
			);
			name = "Copy Generator to /tmp";
			runOnlyForDeploymentPostprocessing = 0;
		};
/* End PBXCopyFilesBuildPhase section */

/* Begin PBXFileReference section */
		9A0ECD231E3FE37A00D63B8B /* Swift.ClassTests.swift */ = {isa = PBXFileReference; fileEncoding = 4; lastKnownFileType = sourcecode.swift; path = Swift.ClassTests.swift; sourceTree = "<group>"; };
		9A27555A1E3E4A6F00F3FD4A /* TypedFieldTests.swift */ = {isa = PBXFileReference; fileEncoding = 4; lastKnownFileType = sourcecode.swift; path = TypedFieldTests.swift; sourceTree = "<group>"; };
		9A27555C1E3E4C9F00F3FD4A /* InlineFragmentTests.swift */ = {isa = PBXFileReference; fileEncoding = 4; lastKnownFileType = sourcecode.swift; path = InlineFragmentTests.swift; sourceTree = "<group>"; };
		9A27555E1E3E57F500F3FD4A /* ParameterTests.swift */ = {isa = PBXFileReference; fileEncoding = 4; lastKnownFileType = sourcecode.swift; path = ParameterTests.swift; sourceTree = "<group>"; };
		9A2755611E3E5C0E00F3FD4A /* Swift.VisibilityTests.swift */ = {isa = PBXFileReference; fileEncoding = 4; lastKnownFileType = sourcecode.swift; path = Swift.VisibilityTests.swift; sourceTree = "<group>"; };
		9A2755631E3E5CB500F3FD4A /* Swift.ContainerTests.swift */ = {isa = PBXFileReference; fileEncoding = 4; lastKnownFileType = sourcecode.swift; path = Swift.ContainerTests.swift; sourceTree = "<group>"; };
		9A27556C1E41763600F3FD4A /* Schema.ObjectTypeTests.swift */ = {isa = PBXFileReference; fileEncoding = 4; lastKnownFileType = sourcecode.swift; path = Schema.ObjectTypeTests.swift; sourceTree = "<group>"; };
		9A27B0361E231AF100AFBDA6 /* InlineFragment.swift */ = {isa = PBXFileReference; fileEncoding = 4; lastKnownFileType = sourcecode.swift; path = InlineFragment.swift; sourceTree = "<group>"; };
		9A27B03C1E24728E00AFBDA6 /* String+CaseConversion.swift */ = {isa = PBXFileReference; fileEncoding = 4; lastKnownFileType = sourcecode.swift; path = "String+CaseConversion.swift"; sourceTree = "<group>"; };
		9A27B03E1E24753300AFBDA6 /* String+CaseConversionTests.swift */ = {isa = PBXFileReference; fileEncoding = 4; lastKnownFileType = sourcecode.swift; path = "String+CaseConversionTests.swift"; sourceTree = "<group>"; };
		9A36AEDB1E4DF2F900DA0201 /* Arguments.swift */ = {isa = PBXFileReference; fileEncoding = 4; lastKnownFileType = sourcecode.swift; path = Arguments.swift; sourceTree = "<group>"; };
		9A36AEDD1E4DF3B700DA0201 /* main.swift */ = {isa = PBXFileReference; fileEncoding = 4; lastKnownFileType = sourcecode.swift; path = main.swift; sourceTree = "<group>"; };
		9A47206A1E28573A002A2B64 /* ReferenceTypeTests.swift */ = {isa = PBXFileReference; fileEncoding = 4; lastKnownFileType = sourcecode.swift; path = ReferenceTypeTests.swift; sourceTree = "<group>"; };
		9A47206C1E286588002A2B64 /* InputType.swift */ = {isa = PBXFileReference; fileEncoding = 4; lastKnownFileType = sourcecode.swift; path = InputType.swift; sourceTree = "<group>"; };
		9A6D3E591E4285AC004135BF /* Schema.ArgumentTests.swift */ = {isa = PBXFileReference; fileEncoding = 4; lastKnownFileType = sourcecode.swift; path = Schema.ArgumentTests.swift; sourceTree = "<group>"; };
		9A6D3E5E1E42883D004135BF /* JsonCreatableTests.swift */ = {isa = PBXFileReference; fileEncoding = 4; lastKnownFileType = sourcecode.swift; path = JsonCreatableTests.swift; sourceTree = "<group>"; };
		9A6D3E611E44ACA0004135BF /* GraphModelTests.swift */ = {isa = PBXFileReference; fileEncoding = 4; lastKnownFileType = sourcecode.swift; path = GraphModelTests.swift; sourceTree = "<group>"; };
		9A6D3E701E491D0F004135BF /* ConcreteGraphModelTests.swift */ = {isa = PBXFileReference; fileEncoding = 4; lastKnownFileType = sourcecode.swift; path = ConcreteGraphModelTests.swift; sourceTree = "<group>"; };
		9A6D3E731E4922A0004135BF /* URLSession+GraphQL.swift */ = {isa = PBXFileReference; fileEncoding = 4; lastKnownFileType = sourcecode.swift; path = "URLSession+GraphQL.swift"; sourceTree = "<group>"; };
		9A6D3E751E49F723004135BF /* NetworkTests.swift */ = {isa = PBXFileReference; fileEncoding = 4; lastKnownFileType = sourcecode.swift; path = NetworkTests.swift; sourceTree = "<group>"; };
		9A7F3C9A1E196E4F000D4455 /* Schema.InputField.swift */ = {isa = PBXFileReference; fileEncoding = 4; lastKnownFileType = sourcecode.swift; path = Schema.InputField.swift; sourceTree = "<group>"; };
		9A7F3C9C1E196F91000D4455 /* Nameable.swift */ = {isa = PBXFileReference; fileEncoding = 4; lastKnownFileType = sourcecode.swift; path = Nameable.swift; sourceTree = "<group>"; };
		9A7F3C9E1E196FBA000D4455 /* Describeable.swift */ = {isa = PBXFileReference; fileEncoding = 4; lastKnownFileType = sourcecode.swift; path = Describeable.swift; sourceTree = "<group>"; };
		9A8878CF1E258585007FB44F /* Environment.swift */ = {isa = PBXFileReference; fileEncoding = 4; lastKnownFileType = sourcecode.swift; path = Environment.swift; sourceTree = "<group>"; };
		9A8878D11E2588CC007FB44F /* ContainerTypeTests.swift */ = {isa = PBXFileReference; fileEncoding = 4; lastKnownFileType = sourcecode.swift; path = ContainerTypeTests.swift; sourceTree = "<group>"; };
		9A8878F81E2CF344007FB44F /* InputTypeTests.swift */ = {isa = PBXFileReference; fileEncoding = 4; lastKnownFileType = sourcecode.swift; path = InputTypeTests.swift; sourceTree = "<group>"; };
		9A8878FA1E2CF682007FB44F /* ValueTypeTests.swift */ = {isa = PBXFileReference; fileEncoding = 4; lastKnownFileType = sourcecode.swift; path = ValueTypeTests.swift; sourceTree = "<group>"; };
		9A8879031E2D4D0D007FB44F /* TypedField.swift */ = {isa = PBXFileReference; fileEncoding = 4; lastKnownFileType = sourcecode.swift; path = TypedField.swift; sourceTree = "<group>"; };
		9A88790B1E2E4718007FB44F /* GraphModel.swift */ = {isa = PBXFileReference; fileEncoding = 4; lastKnownFileType = sourcecode.swift; path = GraphModel.swift; sourceTree = "<group>"; };
		9A8DAACF1E1712960032CC6F /* Swift.EnumCase.swift */ = {isa = PBXFileReference; fileEncoding = 4; lastKnownFileType = sourcecode.swift; path = Swift.EnumCase.swift; sourceTree = "<group>"; };
		9A8E88471E71818B0042879D /* URL+ScalarTypeTests.swift */ = {isa = PBXFileReference; fileEncoding = 4; lastKnownFileType = sourcecode.swift; path = "URL+ScalarTypeTests.swift"; sourceTree = "<group>"; };
		9A9070A41E4A716400248DBF /* URLRequest+GraphQL.swift */ = {isa = PBXFileReference; fileEncoding = 4; lastKnownFileType = sourcecode.swift; path = "URLRequest+GraphQL.swift"; sourceTree = "<group>"; };
		9A972A1D1E40BCF7007F7B0B /* Swift.EnumCaseTests.swift */ = {isa = PBXFileReference; fileEncoding = 4; lastKnownFileType = sourcecode.swift; path = Swift.EnumCaseTests.swift; sourceTree = "<group>"; };
		9A972A311E40D3D1007F7B0B /* Swift.MethodTests.swift */ = {isa = PBXFileReference; fileEncoding = 4; lastKnownFileType = sourcecode.swift; path = Swift.MethodTests.swift; sourceTree = "<group>"; };
		9A972A331E40EE56007F7B0B /* Swift.PropertyTests.swift */ = {isa = PBXFileReference; fileEncoding = 4; lastKnownFileType = sourcecode.swift; path = Swift.PropertyTests.swift; sourceTree = "<group>"; };
		9A972A351E4134F1007F7B0B /* Swift.AliasTests.swift */ = {isa = PBXFileReference; fileEncoding = 4; lastKnownFileType = sourcecode.swift; path = Swift.AliasTests.swift; sourceTree = "<group>"; };
		9A972A381E413A05007F7B0B /* Schema.KindTests.swift */ = {isa = PBXFileReference; fileEncoding = 4; lastKnownFileType = sourcecode.swift; path = Schema.KindTests.swift; sourceTree = "<group>"; };
		9A972A3A1E4209DF007F7B0B /* Schema.ObjectTests.swift */ = {isa = PBXFileReference; fileEncoding = 4; lastKnownFileType = sourcecode.swift; path = Schema.ObjectTests.swift; sourceTree = "<group>"; };
		9A972A3C1E4219C7007F7B0B /* Schema.EnumValueTests.swift */ = {isa = PBXFileReference; fileEncoding = 4; lastKnownFileType = sourcecode.swift; path = Schema.EnumValueTests.swift; sourceTree = "<group>"; };
		9A972A3E1E421B06007F7B0B /* Schema.FieldTests.swift */ = {isa = PBXFileReference; fileEncoding = 4; lastKnownFileType = sourcecode.swift; path = Schema.FieldTests.swift; sourceTree = "<group>"; };
		9A972A401E421E72007F7B0B /* Schema.InputFieldTests.swift */ = {isa = PBXFileReference; fileEncoding = 4; lastKnownFileType = sourcecode.swift; path = Schema.InputFieldTests.swift; sourceTree = "<group>"; };
		9A98A32F1E140B7C00B2AD52 /* Schema.EnumValue.swift */ = {isa = PBXFileReference; fileEncoding = 4; lastKnownFileType = sourcecode.swift; path = Schema.EnumValue.swift; sourceTree = "<group>"; };
		9A98A3311E140EAB00B2AD52 /* Swift.Generator.swift */ = {isa = PBXFileReference; fileEncoding = 4; lastKnownFileType = sourcecode.swift; path = Swift.Generator.swift; sourceTree = "<group>"; };
		9A98A3381E159B8000B2AD52 /* Swift.Alias.swift */ = {isa = PBXFileReference; fileEncoding = 4; lastKnownFileType = sourcecode.swift; path = Swift.Alias.swift; sourceTree = "<group>"; };
		9A98A33A1E159E5100B2AD52 /* Containable.swift */ = {isa = PBXFileReference; fileEncoding = 4; lastKnownFileType = sourcecode.swift; path = Containable.swift; sourceTree = "<group>"; };
		9A98A33E1E15F2A700B2AD52 /* Swift.Property.swift */ = {isa = PBXFileReference; fileEncoding = 4; lastKnownFileType = sourcecode.swift; path = Swift.Property.swift; sourceTree = "<group>"; };
		9A98A3401E15F3F800B2AD52 /* Swift.Annotation.swift */ = {isa = PBXFileReference; fileEncoding = 4; lastKnownFileType = sourcecode.swift; path = Swift.Annotation.swift; sourceTree = "<group>"; };
		9A9A6A0D1E0EC9C6008754A4 /* Gryphin.framework */ = {isa = PBXFileReference; explicitFileType = wrapper.framework; includeInIndex = 0; path = Gryphin.framework; sourceTree = BUILT_PRODUCTS_DIR; };
		9A9A6A101E0EC9C6008754A4 /* Gryphin.h */ = {isa = PBXFileReference; lastKnownFileType = sourcecode.c.h; path = Gryphin.h; sourceTree = "<group>"; };
		9A9A6A111E0EC9C6008754A4 /* Info-MacOS.plist */ = {isa = PBXFileReference; lastKnownFileType = text.plist.xml; path = "Info-MacOS.plist"; sourceTree = "<group>"; };
		9A9A6A161E0EC9C6008754A4 /* GryphinTests.xctest */ = {isa = PBXFileReference; explicitFileType = wrapper.cfbundle; includeInIndex = 0; path = GryphinTests.xctest; sourceTree = BUILT_PRODUCTS_DIR; };
		9A9A6A1D1E0EC9C6008754A4 /* Info.plist */ = {isa = PBXFileReference; lastKnownFileType = text.plist.xml; path = Info.plist; sourceTree = "<group>"; };
		9A9A6A271E0EC9E2008754A4 /* JsonCreatable.swift */ = {isa = PBXFileReference; fileEncoding = 4; lastKnownFileType = sourcecode.swift; path = JsonCreatable.swift; sourceTree = "<group>"; };
		9A9A6A281E0EC9E2008754A4 /* Schema.swift */ = {isa = PBXFileReference; fileEncoding = 4; lastKnownFileType = sourcecode.swift; path = Schema.swift; sourceTree = "<group>"; };
		9A9A6A291E0EC9E2008754A4 /* Schema.Kind.swift */ = {isa = PBXFileReference; fileEncoding = 4; lastKnownFileType = sourcecode.swift; path = Schema.Kind.swift; sourceTree = "<group>"; };
		9A9A6A2A1E0EC9E2008754A4 /* Schema.ObjectType.swift */ = {isa = PBXFileReference; fileEncoding = 4; lastKnownFileType = sourcecode.swift; path = Schema.ObjectType.swift; sourceTree = "<group>"; };
		9A9A6A2B1E0EC9E2008754A4 /* Schema.Object.swift */ = {isa = PBXFileReference; fileEncoding = 4; lastKnownFileType = sourcecode.swift; path = Schema.Object.swift; sourceTree = "<group>"; };
		9A9A6A2C1E0EC9E2008754A4 /* Schema.Field.swift */ = {isa = PBXFileReference; fileEncoding = 4; lastKnownFileType = sourcecode.swift; path = Schema.Field.swift; sourceTree = "<group>"; };
		9A9A6A2D1E0EC9E2008754A4 /* Schema.Argument.swift */ = {isa = PBXFileReference; fileEncoding = 4; lastKnownFileType = sourcecode.swift; path = Schema.Argument.swift; sourceTree = "<group>"; };
		9A9A6A371E0EC9F8008754A4 /* StringRepresentable.swift */ = {isa = PBXFileReference; fileEncoding = 4; lastKnownFileType = sourcecode.swift; path = StringRepresentable.swift; sourceTree = "<group>"; };
		9A9A6A381E0EC9F8008754A4 /* Containing.swift */ = {isa = PBXFileReference; fileEncoding = 4; lastKnownFileType = sourcecode.swift; path = Containing.swift; sourceTree = "<group>"; };
		9A9A6A3A1E0EC9F8008754A4 /* Swift.Container.swift */ = {isa = PBXFileReference; fileEncoding = 4; lastKnownFileType = sourcecode.swift; path = Swift.Container.swift; sourceTree = "<group>"; };
		9A9A6A3B1E0EC9F8008754A4 /* Swift.Visibility.swift */ = {isa = PBXFileReference; fileEncoding = 4; lastKnownFileType = sourcecode.swift; path = Swift.Visibility.swift; sourceTree = "<group>"; };
		9A9A6A3C1E0EC9F8008754A4 /* Swift.Class.swift */ = {isa = PBXFileReference; fileEncoding = 4; lastKnownFileType = sourcecode.swift; path = Swift.Class.swift; sourceTree = "<group>"; };
		9A9A6A3D1E0EC9F8008754A4 /* Swift.Method.swift */ = {isa = PBXFileReference; fileEncoding = 4; lastKnownFileType = sourcecode.swift; path = Swift.Method.swift; sourceTree = "<group>"; };
		9A9A6A461E0ECA33008754A4 /* ValueType.swift */ = {isa = PBXFileReference; fileEncoding = 4; lastKnownFileType = sourcecode.swift; path = ValueType.swift; sourceTree = "<group>"; };
		9A9A6A471E0ECA33008754A4 /* ReferenceType.swift */ = {isa = PBXFileReference; fileEncoding = 4; lastKnownFileType = sourcecode.swift; path = ReferenceType.swift; sourceTree = "<group>"; };
		9A9A6A481E0ECA33008754A4 /* ContainerType.swift */ = {isa = PBXFileReference; fileEncoding = 4; lastKnownFileType = sourcecode.swift; path = ContainerType.swift; sourceTree = "<group>"; };
		9A9A6A4A1E0ECA33008754A4 /* Field.swift */ = {isa = PBXFileReference; fileEncoding = 4; lastKnownFileType = sourcecode.swift; path = Field.swift; sourceTree = "<group>"; };
		9A9A6A4D1E0ECA33008754A4 /* Parameter.swift */ = {isa = PBXFileReference; fileEncoding = 4; lastKnownFileType = sourcecode.swift; path = Parameter.swift; sourceTree = "<group>"; };
		9A9A6A561E0ECA55008754A4 /* String+Newline.swift */ = {isa = PBXFileReference; fileEncoding = 4; lastKnownFileType = sourcecode.swift; path = "String+Newline.swift"; sourceTree = "<group>"; };
		9A9A6A571E0ECA55008754A4 /* FieldTests.swift */ = {isa = PBXFileReference; fileEncoding = 4; lastKnownFileType = sourcecode.swift; path = FieldTests.swift; sourceTree = "<group>"; };
		9A9A6A5A1E0ECA55008754A4 /* SchemaTests.swift */ = {isa = PBXFileReference; fileEncoding = 4; lastKnownFileType = sourcecode.swift; path = SchemaTests.swift; sourceTree = "<group>"; };
		9A9A6A621E0ED345008754A4 /* Schema.Directive.swift */ = {isa = PBXFileReference; fileEncoding = 4; lastKnownFileType = sourcecode.swift; path = Schema.Directive.swift; sourceTree = "<group>"; };
		9A9A6A661E12CAC1008754A4 /* Swift.swift */ = {isa = PBXFileReference; fileEncoding = 4; lastKnownFileType = sourcecode.swift; path = Swift.swift; sourceTree = "<group>"; };
		9A9A6A6A1E12D2F6008754A4 /* Swift.Line.swift */ = {isa = PBXFileReference; fileEncoding = 4; lastKnownFileType = sourcecode.swift; path = Swift.Line.swift; sourceTree = "<group>"; };
		9AA48FBE1E227D410028F044 /* Typeable.swift */ = {isa = PBXFileReference; fileEncoding = 4; lastKnownFileType = sourcecode.swift; path = Typeable.swift; sourceTree = "<group>"; };
		9AD022041E3BA495005C49F8 /* ConcreteGraphModel.swift */ = {isa = PBXFileReference; fileEncoding = 4; lastKnownFileType = sourcecode.swift; path = ConcreteGraphModel.swift; sourceTree = "<group>"; };
		9AD0220E1E3F66E0005C49F8 /* Swift.AnnotationTests.swift */ = {isa = PBXFileReference; fileEncoding = 4; lastKnownFileType = sourcecode.swift; path = Swift.AnnotationTests.swift; sourceTree = "<group>"; };
		9AD022101E3F680F005C49F8 /* Swift.LinesTests.swift */ = {isa = PBXFileReference; fileEncoding = 4; lastKnownFileType = sourcecode.swift; path = Swift.LinesTests.swift; sourceTree = "<group>"; };
		9AD26FD71E5258D7002DC70F /* Gryphin.framework */ = {isa = PBXFileReference; explicitFileType = wrapper.framework; includeInIndex = 0; path = Gryphin.framework; sourceTree = BUILT_PRODUCTS_DIR; };
		9AD26FD81E5258D7002DC70F /* Info-iOS.plist */ = {isa = PBXFileReference; lastKnownFileType = text.plist.xml; path = "Info-iOS.plist"; sourceTree = "<group>"; };
		9AD5FF731E4D214B0062070B /* GryphinGenerate */ = {isa = PBXFileReference; explicitFileType = "compiled.mach-o.executable"; includeInIndex = 0; path = GryphinGenerate; sourceTree = BUILT_PRODUCTS_DIR; };
		9AD6AA731E36575200BF909C /* ModelSerializationTests.swift */ = {isa = PBXFileReference; fileEncoding = 4; lastKnownFileType = sourcecode.swift; path = ModelSerializationTests.swift; sourceTree = "<group>"; };
		9AD6AA751E3657A200BF909C /* queryComprehensive.json */ = {isa = PBXFileReference; fileEncoding = 4; lastKnownFileType = text.json; path = queryComprehensive.json; sourceTree = "<group>"; };
		9AD6AA881E3795FC00BF909C /* queryNode.json */ = {isa = PBXFileReference; fileEncoding = 4; lastKnownFileType = text.json; path = queryNode.json; sourceTree = "<group>"; };
		9AD6AA8B1E37BA0400BF909C /* GraphQL.swift */ = {isa = PBXFileReference; fileEncoding = 4; lastKnownFileType = sourcecode.swift; path = GraphQL.swift; sourceTree = "<group>"; };
		9ADAD0A51E436FCF008AC561 /* GraphQLTests.swift */ = {isa = PBXFileReference; fileEncoding = 4; lastKnownFileType = sourcecode.swift; path = GraphQLTests.swift; sourceTree = "<group>"; };
		9ADAD0A71E43713C008AC561 /* ContainingTests.swift */ = {isa = PBXFileReference; fileEncoding = 4; lastKnownFileType = sourcecode.swift; path = ContainingTests.swift; sourceTree = "<group>"; };
		9ADAD3E71E50F2CE008AC561 /* Collection+Append.swift */ = {isa = PBXFileReference; fileEncoding = 4; lastKnownFileType = sourcecode.swift; path = "Collection+Append.swift"; sourceTree = "<group>"; };
		9ADAD50C1E6C4972008AC561 /* IntrospectionCoordinator.swift */ = {isa = PBXFileReference; fileEncoding = 4; lastKnownFileType = sourcecode.swift; path = IntrospectionCoordinator.swift; sourceTree = "<group>"; };
		9ADAD5101E6C62B5008AC561 /* Decimal+ScalarType.swift */ = {isa = PBXFileReference; fileEncoding = 4; lastKnownFileType = sourcecode.swift; path = "Decimal+ScalarType.swift"; sourceTree = "<group>"; };
		9ADAD5141E70FAF1008AC561 /* Collection+AppendTests.swift */ = {isa = PBXFileReference; fileEncoding = 4; lastKnownFileType = sourcecode.swift; path = "Collection+AppendTests.swift"; sourceTree = "<group>"; };
		9AEF60CB1E5C782C0067FA90 /* GraphError.swift */ = {isa = PBXFileReference; fileEncoding = 4; lastKnownFileType = sourcecode.swift; path = GraphError.swift; sourceTree = "<group>"; };
		9AEF60D11E5CE5180067FA90 /* GraphErrorTests.swift */ = {isa = PBXFileReference; fileEncoding = 4; lastKnownFileType = sourcecode.swift; path = GraphErrorTests.swift; sourceTree = "<group>"; };
		9AEF60D51E5DB8DA0067FA90 /* Configuration.swift */ = {isa = PBXFileReference; fileEncoding = 4; lastKnownFileType = sourcecode.swift; path = Configuration.swift; sourceTree = "<group>"; };
		9AEF60D91E5DBD620067FA90 /* ConfigurationCoordinator.swift */ = {isa = PBXFileReference; fileEncoding = 4; lastKnownFileType = sourcecode.swift; path = ConfigurationCoordinator.swift; sourceTree = "<group>"; };
		9AEF60DE1E5DC86B0067FA90 /* ConfigurationTests.swift */ = {isa = PBXFileReference; fileEncoding = 4; lastKnownFileType = sourcecode.swift; path = ConfigurationTests.swift; sourceTree = "<group>"; };
		9AEF60E21E5E7B9F0067FA90 /* Executable.swift */ = {isa = PBXFileReference; fileEncoding = 4; lastKnownFileType = sourcecode.swift; path = Executable.swift; sourceTree = "<group>"; };
		9AFA3B451E6997B50056C5AA /* ScalarType.swift */ = {isa = PBXFileReference; fileEncoding = 4; lastKnownFileType = sourcecode.swift; path = ScalarType.swift; sourceTree = "<group>"; };
		9AFA3B491E6997C60056C5AA /* URL+ScalarType.swift */ = {isa = PBXFileReference; fileEncoding = 4; lastKnownFileType = sourcecode.swift; path = "URL+ScalarType.swift"; sourceTree = "<group>"; };
		9AFA3B541E6A3CFD0056C5AA /* Date+ScalarType.swift */ = {isa = PBXFileReference; fileEncoding = 4; lastKnownFileType = sourcecode.swift; path = "Date+ScalarType.swift"; sourceTree = "<group>"; };
		9AFA3B581E6A3E830056C5AA /* Gen$aliases.swift */ = {isa = PBXFileReference; lastKnownFileType = sourcecode.swift; path = Gen$aliases.swift; sourceTree = "<group>"; };
		9AFA3B591E6A3E830056C5AA /* Gen$enums.swift */ = {isa = PBXFileReference; lastKnownFileType = sourcecode.swift; path = Gen$enums.swift; sourceTree = "<group>"; };
		9AFA3B5A1E6A3E830056C5AA /* Gen$inputs.swift */ = {isa = PBXFileReference; lastKnownFileType = sourcecode.swift; path = Gen$inputs.swift; sourceTree = "<group>"; };
		9AFA3B5B1E6A3E830056C5AA /* Gen$models.swift */ = {isa = PBXFileReference; lastKnownFileType = sourcecode.swift; path = Gen$models.swift; sourceTree = "<group>"; };
		9AFA3B5C1E6A3E830056C5AA /* Gen$network.swift */ = {isa = PBXFileReference; lastKnownFileType = sourcecode.swift; path = Gen$network.swift; sourceTree = "<group>"; };
		9AFA3B5D1E6A3E830056C5AA /* Gen$queries.swift */ = {isa = PBXFileReference; lastKnownFileType = sourcecode.swift; path = Gen$queries.swift; sourceTree = "<group>"; };
/* End PBXFileReference section */

/* Begin PBXFrameworksBuildPhase section */
		9A9A6A091E0EC9C6008754A4 /* Frameworks */ = {
			isa = PBXFrameworksBuildPhase;
			buildActionMask = 2147483647;
			files = (
			);
			runOnlyForDeploymentPostprocessing = 0;
		};
		9A9A6A131E0EC9C6008754A4 /* Frameworks */ = {
			isa = PBXFrameworksBuildPhase;
			buildActionMask = 2147483647;
			files = (
				9A9A6A171E0EC9C6008754A4 /* Gryphin.framework in Frameworks */,
			);
			runOnlyForDeploymentPostprocessing = 0;
		};
		9AD26FD01E5258D7002DC70F /* Frameworks */ = {
			isa = PBXFrameworksBuildPhase;
			buildActionMask = 2147483647;
			files = (
			);
			runOnlyForDeploymentPostprocessing = 0;
		};
		9AD5FF701E4D214B0062070B /* Frameworks */ = {
			isa = PBXFrameworksBuildPhase;
			buildActionMask = 2147483647;
			files = (
			);
			runOnlyForDeploymentPostprocessing = 0;
		};
/* End PBXFrameworksBuildPhase section */

/* Begin PBXGroup section */
		9A2755601E3E5BE600F3FD4A /* Code Generation */ = {
			isa = PBXGroup;
			children = (
				9ADAD0A71E43713C008AC561 /* ContainingTests.swift */,
				9A2755611E3E5C0E00F3FD4A /* Swift.VisibilityTests.swift */,
				9A2755631E3E5CB500F3FD4A /* Swift.ContainerTests.swift */,
				9AD0220E1E3F66E0005C49F8 /* Swift.AnnotationTests.swift */,
				9AD022101E3F680F005C49F8 /* Swift.LinesTests.swift */,
				9A0ECD231E3FE37A00D63B8B /* Swift.ClassTests.swift */,
				9A972A1D1E40BCF7007F7B0B /* Swift.EnumCaseTests.swift */,
				9A972A311E40D3D1007F7B0B /* Swift.MethodTests.swift */,
				9A972A331E40EE56007F7B0B /* Swift.PropertyTests.swift */,
				9A972A351E4134F1007F7B0B /* Swift.AliasTests.swift */,
			);
			name = "Code Generation";
			sourceTree = "<group>";
		};
		9A27B03B1E24728300AFBDA6 /* Extensions */ = {
			isa = PBXGroup;
			children = (
				9ADAD3E71E50F2CE008AC561 /* Collection+Append.swift */,
				9A27B03C1E24728E00AFBDA6 /* String+CaseConversion.swift */,
			);
			path = Extensions;
			sourceTree = "<group>";
		};
		9A6D3E5D1E428831004135BF /* Shared */ = {
			isa = PBXGroup;
			children = (
				9A6D3E5E1E42883D004135BF /* JsonCreatableTests.swift */,
				9ADAD0A51E436FCF008AC561 /* GraphQLTests.swift */,
			);
			name = Shared;
			sourceTree = "<group>";
		};
		9A6D3E601E44AC8F004135BF /* Models */ = {
			isa = PBXGroup;
			children = (
				9A6D3E611E44ACA0004135BF /* GraphModelTests.swift */,
				9A6D3E701E491D0F004135BF /* ConcreteGraphModelTests.swift */,
			);
			name = Models;
			sourceTree = "<group>";
		};
		9A6D3E721E492287004135BF /* Network */ = {
			isa = PBXGroup;
			children = (
				9AEF60CA1E5C78150067FA90 /* Errors */,
				9A9070A41E4A716400248DBF /* URLRequest+GraphQL.swift */,
				9A6D3E731E4922A0004135BF /* URLSession+GraphQL.swift */,
			);
			path = Network;
			sourceTree = "<group>";
		};
		9A8878BB1E253AB9007FB44F /* Extensions */ = {
			isa = PBXGroup;
			children = (
				9A27B03E1E24753300AFBDA6 /* String+CaseConversionTests.swift */,
				9ADAD5141E70FAF1008AC561 /* Collection+AppendTests.swift */,
			);
			name = Extensions;
			sourceTree = "<group>";
		};
		9A8878BC1E253B0A007FB44F /* Query Generation */ = {
			isa = PBXGroup;
			children = (
				9A8878FA1E2CF682007FB44F /* ValueTypeTests.swift */,
				9A47206A1E28573A002A2B64 /* ReferenceTypeTests.swift */,
				9A8878D11E2588CC007FB44F /* ContainerTypeTests.swift */,
				9A8878F81E2CF344007FB44F /* InputTypeTests.swift */,
				9A9A6A571E0ECA55008754A4 /* FieldTests.swift */,
				9A27555A1E3E4A6F00F3FD4A /* TypedFieldTests.swift */,
				9A27555C1E3E4C9F00F3FD4A /* InlineFragmentTests.swift */,
				9A27555E1E3E57F500F3FD4A /* ParameterTests.swift */,
			);
			name = "Query Generation";
			sourceTree = "<group>";
		};
		9A8878BD1E253B64007FB44F /* Schema */ = {
			isa = PBXGroup;
			children = (
				9A9A6A5A1E0ECA55008754A4 /* SchemaTests.swift */,
				9AD6AA751E3657A200BF909C /* queryComprehensive.json */,
				9AD6AA881E3795FC00BF909C /* queryNode.json */,
			);
			name = Schema;
			sourceTree = "<group>";
		};
		9A8878BF1E254214007FB44F /* Utilities */ = {
			isa = PBXGroup;
			children = (
				9A9A6A561E0ECA55008754A4 /* String+Newline.swift */,
			);
			name = Utilities;
			sourceTree = "<group>";
		};
		9A8879021E2D40A2007FB44F /* Models */ = {
			isa = PBXGroup;
			children = (
				9A88790B1E2E4718007FB44F /* GraphModel.swift */,
				9AD022041E3BA495005C49F8 /* ConcreteGraphModel.swift */,
			);
			path = Models;
			sourceTree = "<group>";
		};
		9A8879071E2D5DD9007FB44F /* Shared */ = {
			isa = PBXGroup;
			children = (
				9ADAD50B1E6C4962008AC561 /* Introspection */,
				9AFA3B441E6997B50056C5AA /* Scalars */,
				9AEF60D41E5DB8D10067FA90 /* Configuration */,
				9A9A6A351E0EC9E5008754A4 /* Schema */,
				9A9A6A361E0EC9EB008754A4 /* Code Generation */,
				9A8878CF1E258585007FB44F /* Environment.swift */,
				9A9A6A271E0EC9E2008754A4 /* JsonCreatable.swift */,
				9AD6AA8B1E37BA0400BF909C /* GraphQL.swift */,
			);
			path = Shared;
			sourceTree = "<group>";
		};
		9A8E88461E71816F0042879D /* Scalars */ = {
			isa = PBXGroup;
			children = (
				9A8E88471E71818B0042879D /* URL+ScalarTypeTests.swift */,
			);
			name = Scalars;
			sourceTree = "<group>";
		};
		9A972A371E4139EA007F7B0B /* Schema */ = {
			isa = PBXGroup;
			children = (
				9A972A381E413A05007F7B0B /* Schema.KindTests.swift */,
				9A27556C1E41763600F3FD4A /* Schema.ObjectTypeTests.swift */,
				9A972A3A1E4209DF007F7B0B /* Schema.ObjectTests.swift */,
				9A972A3C1E4219C7007F7B0B /* Schema.EnumValueTests.swift */,
				9A972A3E1E421B06007F7B0B /* Schema.FieldTests.swift */,
				9A972A401E421E72007F7B0B /* Schema.InputFieldTests.swift */,
				9A6D3E591E4285AC004135BF /* Schema.ArgumentTests.swift */,
			);
			name = Schema;
			sourceTree = "<group>";
		};
		9A9A6A031E0EC9C6008754A4 = {
			isa = PBXGroup;
			children = (
				9ADAD3F41E50F7B1008AC561 /* Generated */,
				9A27B03B1E24728300AFBDA6 /* Extensions */,
				9A8879071E2D5DD9007FB44F /* Shared */,
				9A9A6A0F1E0EC9C6008754A4 /* Gryphin */,
				9AD5FF741E4D214B0062070B /* GryphinGenerate */,
				9A9A6A1A1E0EC9C6008754A4 /* GryphinTests */,
				9A9A6A0E1E0EC9C6008754A4 /* Products */,
			);
			sourceTree = "<group>";
		};
		9A9A6A0E1E0EC9C6008754A4 /* Products */ = {
			isa = PBXGroup;
			children = (
				9A9A6A0D1E0EC9C6008754A4 /* Gryphin.framework */,
				9AD26FD71E5258D7002DC70F /* Gryphin.framework */,
				9A9A6A161E0EC9C6008754A4 /* GryphinTests.xctest */,
				9AD5FF731E4D214B0062070B /* GryphinGenerate */,
			);
			name = Products;
			sourceTree = "<group>";
		};
		9A9A6A0F1E0EC9C6008754A4 /* Gryphin */ = {
			isa = PBXGroup;
			children = (
				9A9A6A101E0EC9C6008754A4 /* Gryphin.h */,
				9A9A6A451E0EC9FA008754A4 /* Query Generation */,
				9A8879021E2D40A2007FB44F /* Models */,
				9A6D3E721E492287004135BF /* Network */,
				9A9A6A111E0EC9C6008754A4 /* Info-MacOS.plist */,
				9AD26FD81E5258D7002DC70F /* Info-iOS.plist */,
			);
			path = Gryphin;
			sourceTree = "<group>";
		};
		9A9A6A1A1E0EC9C6008754A4 /* GryphinTests */ = {
			isa = PBXGroup;
			children = (
				9A8878BF1E254214007FB44F /* Utilities */,
				9A8878BB1E253AB9007FB44F /* Extensions */,
				9A6D3E5D1E428831004135BF /* Shared */,
				9A8E88461E71816F0042879D /* Scalars */,
				9AEF60DD1E5DC85B0067FA90 /* Configuration */,
				9A972A371E4139EA007F7B0B /* Schema */,
				9A2755601E3E5BE600F3FD4A /* Code Generation */,
				9A8878BC1E253B0A007FB44F /* Query Generation */,
				9A6D3E601E44AC8F004135BF /* Models */,
				9AEF60CF1E5CE4FC0067FA90 /* Network */,
				9A8878BD1E253B64007FB44F /* Schema */,
				9AD6AA731E36575200BF909C /* ModelSerializationTests.swift */,
				9A6D3E751E49F723004135BF /* NetworkTests.swift */,
				9A9A6A1D1E0EC9C6008754A4 /* Info.plist */,
			);
			path = GryphinTests;
			sourceTree = "<group>";
		};
		9A9A6A351E0EC9E5008754A4 /* Schema */ = {
			isa = PBXGroup;
			children = (
				9A7F3C9C1E196F91000D4455 /* Nameable.swift */,
				9AA48FBE1E227D410028F044 /* Typeable.swift */,
				9A7F3C9E1E196FBA000D4455 /* Describeable.swift */,
				9A9A6A281E0EC9E2008754A4 /* Schema.swift */,
				9A9A6A291E0EC9E2008754A4 /* Schema.Kind.swift */,
				9A9A6A2A1E0EC9E2008754A4 /* Schema.ObjectType.swift */,
				9A9A6A2B1E0EC9E2008754A4 /* Schema.Object.swift */,
				9A98A32F1E140B7C00B2AD52 /* Schema.EnumValue.swift */,
				9A9A6A2C1E0EC9E2008754A4 /* Schema.Field.swift */,
				9A7F3C9A1E196E4F000D4455 /* Schema.InputField.swift */,
				9A9A6A2D1E0EC9E2008754A4 /* Schema.Argument.swift */,
				9A9A6A621E0ED345008754A4 /* Schema.Directive.swift */,
			);
			path = Schema;
			sourceTree = "<group>";
		};
		9A9A6A361E0EC9EB008754A4 /* Code Generation */ = {
			isa = PBXGroup;
			children = (
				9A9A6A371E0EC9F8008754A4 /* StringRepresentable.swift */,
				9A98A33A1E159E5100B2AD52 /* Containable.swift */,
				9A9A6A381E0EC9F8008754A4 /* Containing.swift */,
				9A9A6A661E12CAC1008754A4 /* Swift.swift */,
				9A9A6A3B1E0EC9F8008754A4 /* Swift.Visibility.swift */,
				9A9A6A3A1E0EC9F8008754A4 /* Swift.Container.swift */,
				9A98A3401E15F3F800B2AD52 /* Swift.Annotation.swift */,
				9A9A6A6A1E12D2F6008754A4 /* Swift.Line.swift */,
				9A9A6A3C1E0EC9F8008754A4 /* Swift.Class.swift */,
				9A8DAACF1E1712960032CC6F /* Swift.EnumCase.swift */,
				9A9A6A3D1E0EC9F8008754A4 /* Swift.Method.swift */,
				9A98A33E1E15F2A700B2AD52 /* Swift.Property.swift */,
				9A98A3381E159B8000B2AD52 /* Swift.Alias.swift */,
				9A98A3311E140EAB00B2AD52 /* Swift.Generator.swift */,
			);
			path = "Code Generation";
			sourceTree = "<group>";
		};
		9A9A6A451E0EC9FA008754A4 /* Query Generation */ = {
			isa = PBXGroup;
			children = (
				9A9A6A461E0ECA33008754A4 /* ValueType.swift */,
				9A9A6A471E0ECA33008754A4 /* ReferenceType.swift */,
				9A9A6A481E0ECA33008754A4 /* ContainerType.swift */,
				9A47206C1E286588002A2B64 /* InputType.swift */,
				9A9A6A4A1E0ECA33008754A4 /* Field.swift */,
				9A8879031E2D4D0D007FB44F /* TypedField.swift */,
				9A27B0361E231AF100AFBDA6 /* InlineFragment.swift */,
				9A9A6A4D1E0ECA33008754A4 /* Parameter.swift */,
			);
			path = "Query Generation";
			sourceTree = "<group>";
		};
		9AD5FF741E4D214B0062070B /* GryphinGenerate */ = {
			isa = PBXGroup;
			children = (
				9A36AEDB1E4DF2F900DA0201 /* Arguments.swift */,
				9AEF60E21E5E7B9F0067FA90 /* Executable.swift */,
				9A36AEDD1E4DF3B700DA0201 /* main.swift */,
			);
			path = GryphinGenerate;
			sourceTree = "<group>";
		};
		9ADAD3F41E50F7B1008AC561 /* Generated */ = {
			isa = PBXGroup;
			children = (
				9AFA3B581E6A3E830056C5AA /* Gen$aliases.swift */,
				9AFA3B591E6A3E830056C5AA /* Gen$enums.swift */,
				9AFA3B5A1E6A3E830056C5AA /* Gen$inputs.swift */,
				9AFA3B5B1E6A3E830056C5AA /* Gen$models.swift */,
				9AFA3B5C1E6A3E830056C5AA /* Gen$network.swift */,
				9AFA3B5D1E6A3E830056C5AA /* Gen$queries.swift */,
			);
			path = Generated;
			sourceTree = "<group>";
		};
		9ADAD50B1E6C4962008AC561 /* Introspection */ = {
			isa = PBXGroup;
			children = (
				9ADAD50C1E6C4972008AC561 /* IntrospectionCoordinator.swift */,
			);
			path = Introspection;
			sourceTree = "<group>";
		};
		9AEF60CA1E5C78150067FA90 /* Errors */ = {
			isa = PBXGroup;
			children = (
				9AEF60CB1E5C782C0067FA90 /* GraphError.swift */,
			);
			name = Errors;
			sourceTree = "<group>";
		};
		9AEF60CF1E5CE4FC0067FA90 /* Network */ = {
			isa = PBXGroup;
			children = (
				9AEF60D01E5CE50D0067FA90 /* Errors */,
			);
			name = Network;
			sourceTree = "<group>";
		};
		9AEF60D01E5CE50D0067FA90 /* Errors */ = {
			isa = PBXGroup;
			children = (
				9AEF60D11E5CE5180067FA90 /* GraphErrorTests.swift */,
			);
			name = Errors;
			sourceTree = "<group>";
		};
		9AEF60D41E5DB8D10067FA90 /* Configuration */ = {
			isa = PBXGroup;
			children = (
				9AEF60D91E5DBD620067FA90 /* ConfigurationCoordinator.swift */,
				9AEF60D51E5DB8DA0067FA90 /* Configuration.swift */,
			);
			path = Configuration;
			sourceTree = "<group>";
		};
		9AEF60DD1E5DC85B0067FA90 /* Configuration */ = {
			isa = PBXGroup;
			children = (
				9AEF60DE1E5DC86B0067FA90 /* ConfigurationTests.swift */,
			);
			name = Configuration;
			sourceTree = "<group>";
		};
		9AFA3B441E6997B50056C5AA /* Scalars */ = {
			isa = PBXGroup;
			children = (
				9AFA3B451E6997B50056C5AA /* ScalarType.swift */,
				9AFA3B491E6997C60056C5AA /* URL+ScalarType.swift */,
				9AFA3B541E6A3CFD0056C5AA /* Date+ScalarType.swift */,
				9ADAD5101E6C62B5008AC561 /* Decimal+ScalarType.swift */,
			);
			path = Scalars;
			sourceTree = "<group>";
		};
/* End PBXGroup section */

/* Begin PBXHeadersBuildPhase section */
		9A9A6A0A1E0EC9C6008754A4 /* Headers */ = {
			isa = PBXHeadersBuildPhase;
			buildActionMask = 2147483647;
			files = (
				9A9A6A1E1E0EC9C6008754A4 /* Gryphin.h in Headers */,
			);
			runOnlyForDeploymentPostprocessing = 0;
		};
		9AD26FD11E5258D7002DC70F /* Headers */ = {
			isa = PBXHeadersBuildPhase;
			buildActionMask = 2147483647;
			files = (
				9AD26FD21E5258D7002DC70F /* Gryphin.h in Headers */,
			);
			runOnlyForDeploymentPostprocessing = 0;
		};
/* End PBXHeadersBuildPhase section */

/* Begin PBXNativeTarget section */
		9A9A6A0C1E0EC9C6008754A4 /* Gryphin-MacOS */ = {
			isa = PBXNativeTarget;
			buildConfigurationList = 9A9A6A211E0EC9C6008754A4 /* Build configuration list for PBXNativeTarget "Gryphin-MacOS" */;
			buildPhases = (
				9A36AEE11E4DF58200DA0201 /* Generate Schema */,
				9A9A6A081E0EC9C6008754A4 /* Sources */,
				9A9A6A091E0EC9C6008754A4 /* Frameworks */,
				9A9A6A0A1E0EC9C6008754A4 /* Headers */,
				9A9A6A0B1E0EC9C6008754A4 /* Resources */,
			);
			buildRules = (
			);
			dependencies = (
				9AD26F511E51ECDB002DC70F /* PBXTargetDependency */,
			);
			name = "Gryphin-MacOS";
			productName = Gryphin;
			productReference = 9A9A6A0D1E0EC9C6008754A4 /* Gryphin.framework */;
			productType = "com.apple.product-type.framework";
		};
		9A9A6A151E0EC9C6008754A4 /* GryphinTests */ = {
			isa = PBXNativeTarget;
			buildConfigurationList = 9A9A6A241E0EC9C6008754A4 /* Build configuration list for PBXNativeTarget "GryphinTests" */;
			buildPhases = (
				9A9A6A121E0EC9C6008754A4 /* Sources */,
				9A9A6A131E0EC9C6008754A4 /* Frameworks */,
				9A9A6A141E0EC9C6008754A4 /* Resources */,
			);
			buildRules = (
			);
			dependencies = (
				9A9A6A191E0EC9C6008754A4 /* PBXTargetDependency */,
			);
			name = GryphinTests;
			productName = GryphinTests;
			productReference = 9A9A6A161E0EC9C6008754A4 /* GryphinTests.xctest */;
			productType = "com.apple.product-type.bundle.unit-test";
		};
		9AD26F9A1E5258D7002DC70F /* Gryphin-iOS */ = {
			isa = PBXNativeTarget;
			buildConfigurationList = 9AD26FD41E5258D7002DC70F /* Build configuration list for PBXNativeTarget "Gryphin-iOS" */;
			buildPhases = (
				9AD26F9F1E5258D7002DC70F /* Generate Schema */,
				9AD26FA01E5258D7002DC70F /* Sources */,
				9AD26FD01E5258D7002DC70F /* Frameworks */,
				9AD26FD11E5258D7002DC70F /* Headers */,
				9AD26FD31E5258D7002DC70F /* Resources */,
			);
			buildRules = (
			);
			dependencies = (
				9ADAD4541E5337BD008AC561 /* PBXTargetDependency */,
			);
			name = "Gryphin-iOS";
			productName = Gryphin;
			productReference = 9AD26FD71E5258D7002DC70F /* Gryphin.framework */;
			productType = "com.apple.product-type.framework";
		};
		9AD5FF721E4D214B0062070B /* GryphinGenerate */ = {
			isa = PBXNativeTarget;
			buildConfigurationList = 9AD5FF791E4D214B0062070B /* Build configuration list for PBXNativeTarget "GryphinGenerate" */;
			buildPhases = (
				9AD5FF6F1E4D214B0062070B /* Sources */,
				9AD5FF701E4D214B0062070B /* Frameworks */,
				9AD5FF711E4D214B0062070B /* Copy Generator to /tmp */,
			);
			buildRules = (
			);
			dependencies = (
			);
			name = GryphinGenerate;
			productName = GryphinGenerate;
			productReference = 9AD5FF731E4D214B0062070B /* GryphinGenerate */;
			productType = "com.apple.product-type.tool";
		};
/* End PBXNativeTarget section */

/* Begin PBXProject section */
		9A9A6A041E0EC9C6008754A4 /* Project object */ = {
			isa = PBXProject;
			attributes = {
				LastSwiftUpdateCheck = 0820;
				LastUpgradeCheck = 0820;
				ORGANIZATIONNAME = "Dima Bart";
				TargetAttributes = {
					9A9A6A0C1E0EC9C6008754A4 = {
						CreatedOnToolsVersion = 8.2.1;
						ProvisioningStyle = Automatic;
					};
					9A9A6A151E0EC9C6008754A4 = {
						CreatedOnToolsVersion = 8.2.1;
						LastSwiftMigration = 0820;
						ProvisioningStyle = Automatic;
					};
					9AD5FF721E4D214B0062070B = {
						CreatedOnToolsVersion = 8.2.1;
						DevelopmentTeam = MK88G5Q6ZN;
						ProvisioningStyle = Automatic;
					};
				};
			};
			buildConfigurationList = 9A9A6A071E0EC9C6008754A4 /* Build configuration list for PBXProject "Gryphin" */;
			compatibilityVersion = "Xcode 3.2";
			developmentRegion = English;
			hasScannedForEncodings = 0;
			knownRegions = (
				en,
			);
			mainGroup = 9A9A6A031E0EC9C6008754A4;
			productRefGroup = 9A9A6A0E1E0EC9C6008754A4 /* Products */;
			projectDirPath = "";
			projectRoot = "";
			targets = (
				9A9A6A0C1E0EC9C6008754A4 /* Gryphin-MacOS */,
				9AD26F9A1E5258D7002DC70F /* Gryphin-iOS */,
				9AD5FF721E4D214B0062070B /* GryphinGenerate */,
				9A9A6A151E0EC9C6008754A4 /* GryphinTests */,
			);
		};
/* End PBXProject section */

/* Begin PBXResourcesBuildPhase section */
		9A9A6A0B1E0EC9C6008754A4 /* Resources */ = {
			isa = PBXResourcesBuildPhase;
			buildActionMask = 2147483647;
			files = (
			);
			runOnlyForDeploymentPostprocessing = 0;
		};
		9A9A6A141E0EC9C6008754A4 /* Resources */ = {
			isa = PBXResourcesBuildPhase;
			buildActionMask = 2147483647;
			files = (
				9AD6AA891E3795FC00BF909C /* queryNode.json in Resources */,
				9AD6AA761E3657A200BF909C /* queryComprehensive.json in Resources */,
			);
			runOnlyForDeploymentPostprocessing = 0;
		};
		9AD26FD31E5258D7002DC70F /* Resources */ = {
			isa = PBXResourcesBuildPhase;
			buildActionMask = 2147483647;
			files = (
			);
			runOnlyForDeploymentPostprocessing = 0;
		};
/* End PBXResourcesBuildPhase section */

/* Begin PBXShellScriptBuildPhase section */
		9A36AEE11E4DF58200DA0201 /* Generate Schema */ = {
			isa = PBXShellScriptBuildPhase;
			buildActionMask = 2147483647;
			files = (
			);
			inputPaths = (
			);
			name = "Generate Schema";
			outputPaths = (
			);
			runOnlyForDeploymentPostprocessing = 0;
			shellPath = /bin/sh;
			shellScript = "/tmp/GryphinGenerate --root \"$SRCROOT\" --destination \"${SRCROOT}/Generated\"";
		};
		9AD26F9F1E5258D7002DC70F /* Generate Schema */ = {
			isa = PBXShellScriptBuildPhase;
			buildActionMask = 2147483647;
			files = (
			);
			inputPaths = (
			);
			name = "Generate Schema";
			outputPaths = (
			);
			runOnlyForDeploymentPostprocessing = 0;
			shellPath = /bin/sh;
			shellScript = "/tmp/GryphinGenerate --root \"$SRCROOT\" --destination \"${SRCROOT}/Generated\"";
		};
/* End PBXShellScriptBuildPhase section */

/* Begin PBXSourcesBuildPhase section */
		9A9A6A081E0EC9C6008754A4 /* Sources */ = {
			isa = PBXSourcesBuildPhase;
			buildActionMask = 2147483647;
			files = (
				9AFA3B5E1E6A3E950056C5AA /* Gen$aliases.swift in Sources */,
				9AFA3B5F1E6A3E950056C5AA /* Gen$enums.swift in Sources */,
				9AFA3B601E6A3E950056C5AA /* Gen$inputs.swift in Sources */,
				9AFA3B611E6A3E950056C5AA /* Gen$models.swift in Sources */,
				9AFA3B621E6A3E950056C5AA /* Gen$network.swift in Sources */,
				9AFA3B631E6A3E950056C5AA /* Gen$queries.swift in Sources */,
				9ADAD5111E6C62B5008AC561 /* Decimal+ScalarType.swift in Sources */,
				9AFA3B461E6997B50056C5AA /* ScalarType.swift in Sources */,
				9AEF60DA1E5DBD620067FA90 /* ConfigurationCoordinator.swift in Sources */,
				9AD26F281E51EC55002DC70F /* Nameable.swift in Sources */,
				9AEF60CC1E5C782C0067FA90 /* GraphError.swift in Sources */,
				9AD26F271E51EC53002DC70F /* Typeable.swift in Sources */,
				9AD26F261E51EC52002DC70F /* Describeable.swift in Sources */,
				9AD26F251E51EC51002DC70F /* Schema.swift in Sources */,
				9AD26F241E51EC4D002DC70F /* Schema.Kind.swift in Sources */,
				9AD26F231E51EC4C002DC70F /* Schema.ObjectType.swift in Sources */,
				9AFA3B4A1E6997C60056C5AA /* URL+ScalarType.swift in Sources */,
				9AD26F221E51EC4A002DC70F /* Schema.Object.swift in Sources */,
				9AD26F211E51EC48002DC70F /* Schema.EnumValue.swift in Sources */,
				9AD26F201E51EC47002DC70F /* Schema.Field.swift in Sources */,
				9AD26F1F1E51EC45002DC70F /* Schema.InputField.swift in Sources */,
				9AD26F1E1E51EC44002DC70F /* Schema.Argument.swift in Sources */,
				9AD26F291E51EC5D002DC70F /* StringRepresentable.swift in Sources */,
				9AD26F2A1E51EC60002DC70F /* Containable.swift in Sources */,
				9AFA3B551E6A3CFD0056C5AA /* Date+ScalarType.swift in Sources */,
				9ADAD50D1E6C4972008AC561 /* IntrospectionCoordinator.swift in Sources */,
				9AD26F2B1E51EC62002DC70F /* Containing.swift in Sources */,
				9AD26F2C1E51EC64002DC70F /* Swift.swift in Sources */,
				9AD26F2D1E51EC65002DC70F /* Swift.Visibility.swift in Sources */,
				9AD26F2E1E51EC67002DC70F /* Swift.Container.swift in Sources */,
				9AD26F2F1E51EC68002DC70F /* Swift.Annotation.swift in Sources */,
				9AD26F301E51EC6A002DC70F /* Swift.Line.swift in Sources */,
				9AD26F311E51EC6B002DC70F /* Swift.Class.swift in Sources */,
				9AD26F321E51EC6C002DC70F /* Swift.EnumCase.swift in Sources */,
				9AD26F331E51EC6F002DC70F /* Swift.Method.swift in Sources */,
				9AD26F341E51EC70002DC70F /* Swift.Property.swift in Sources */,
				9AD26F351E51EC72002DC70F /* Swift.Alias.swift in Sources */,
				9AD26F361E51EC74002DC70F /* Swift.Generator.swift in Sources */,
				9A47206D1E286588002A2B64 /* InputType.swift in Sources */,
				9A6D3E741E4922A0004135BF /* URLSession+GraphQL.swift in Sources */,
				9A9070A51E4A716400248DBF /* URLRequest+GraphQL.swift in Sources */,
				9A9A6A501E0ECA33008754A4 /* ContainerType.swift in Sources */,
				9AEF60D61E5DB8DA0067FA90 /* Configuration.swift in Sources */,
				9A9A6A2E1E0EC9E2008754A4 /* JsonCreatable.swift in Sources */,
				9A9A6A551E0ECA33008754A4 /* Parameter.swift in Sources */,
				9A27B03D1E24728E00AFBDA6 /* String+CaseConversion.swift in Sources */,
				9AD022051E3BA495005C49F8 /* ConcreteGraphModel.swift in Sources */,
				9A8878D01E258585007FB44F /* Environment.swift in Sources */,
				9A9A6A521E0ECA33008754A4 /* Field.swift in Sources */,
				9A8879041E2D4D0D007FB44F /* TypedField.swift in Sources */,
				9A27B0371E231AF100AFBDA6 /* InlineFragment.swift in Sources */,
				9AD6AA8C1E37BA0400BF909C /* GraphQL.swift in Sources */,
				9A9A6A4E1E0ECA33008754A4 /* ValueType.swift in Sources */,
				9ADAD3E81E50F2CE008AC561 /* Collection+Append.swift in Sources */,
				9A88790C1E2E4719007FB44F /* GraphModel.swift in Sources */,
				9A9A6A4F1E0ECA33008754A4 /* ReferenceType.swift in Sources */,
			);
			runOnlyForDeploymentPostprocessing = 0;
		};
		9A9A6A121E0EC9C6008754A4 /* Sources */ = {
			isa = PBXSourcesBuildPhase;
			buildActionMask = 2147483647;
			files = (
				9A972A3F1E421B06007F7B0B /* Schema.FieldTests.swift in Sources */,
				9AD022111E3F680F005C49F8 /* Swift.LinesTests.swift in Sources */,
				9A27555F1E3E57F500F3FD4A /* ParameterTests.swift in Sources */,
				9A9A6A5D1E0ECA55008754A4 /* FieldTests.swift in Sources */,
				9AD0220F1E3F66E0005C49F8 /* Swift.AnnotationTests.swift in Sources */,
				9ADAD5151E70FAF1008AC561 /* Collection+AppendTests.swift in Sources */,
				9A0ECD241E3FE37A00D63B8B /* Swift.ClassTests.swift in Sources */,
				9A2755621E3E5C0E00F3FD4A /* Swift.VisibilityTests.swift in Sources */,
				9A27555D1E3E4C9F00F3FD4A /* InlineFragmentTests.swift in Sources */,
				9ADAD0A81E43713C008AC561 /* ContainingTests.swift in Sources */,
				9A47206B1E28573A002A2B64 /* ReferenceTypeTests.swift in Sources */,
				9A2755641E3E5CB500F3FD4A /* Swift.ContainerTests.swift in Sources */,
				9AEF60DF1E5DC86B0067FA90 /* ConfigurationTests.swift in Sources */,
				9A27556D1E41763600F3FD4A /* Schema.ObjectTypeTests.swift in Sources */,
				9A8878F91E2CF344007FB44F /* InputTypeTests.swift in Sources */,
				9A6D3E5F1E42883D004135BF /* JsonCreatableTests.swift in Sources */,
				9A972A3B1E4209DF007F7B0B /* Schema.ObjectTests.swift in Sources */,
				9A972A411E421E72007F7B0B /* Schema.InputFieldTests.swift in Sources */,
				9ADAD0A61E436FCF008AC561 /* GraphQLTests.swift in Sources */,
				9A6D3E5A1E4285AC004135BF /* Schema.ArgumentTests.swift in Sources */,
				9A8878FB1E2CF682007FB44F /* ValueTypeTests.swift in Sources */,
				9A27B03F1E24753300AFBDA6 /* String+CaseConversionTests.swift in Sources */,
				9A6D3E621E44ACA0004135BF /* GraphModelTests.swift in Sources */,
				9A972A391E413A05007F7B0B /* Schema.KindTests.swift in Sources */,
				9A972A1E1E40BCF7007F7B0B /* Swift.EnumCaseTests.swift in Sources */,
				9A972A361E4134F1007F7B0B /* Swift.AliasTests.swift in Sources */,
				9A6D3E711E491D0F004135BF /* ConcreteGraphModelTests.swift in Sources */,
				9A8E88481E71818B0042879D /* URL+ScalarTypeTests.swift in Sources */,
				9A9A6A5C1E0ECA55008754A4 /* String+Newline.swift in Sources */,
				9A27555B1E3E4A6F00F3FD4A /* TypedFieldTests.swift in Sources */,
				9A8878D21E2588CC007FB44F /* ContainerTypeTests.swift in Sources */,
				9A972A321E40D3D1007F7B0B /* Swift.MethodTests.swift in Sources */,
				9A972A341E40EE56007F7B0B /* Swift.PropertyTests.swift in Sources */,
				9A972A3D1E4219C7007F7B0B /* Schema.EnumValueTests.swift in Sources */,
				9AEF60D21E5CE5180067FA90 /* GraphErrorTests.swift in Sources */,
			);
			runOnlyForDeploymentPostprocessing = 0;
		};
		9AD26FA01E5258D7002DC70F /* Sources */ = {
			isa = PBXSourcesBuildPhase;
			buildActionMask = 2147483647;
			files = (
				9AFA3B641E6A3E9B0056C5AA /* Gen$aliases.swift in Sources */,
				9AFA3B651E6A3E9B0056C5AA /* Gen$enums.swift in Sources */,
				9AFA3B661E6A3E9B0056C5AA /* Gen$inputs.swift in Sources */,
				9AFA3B671E6A3E9B0056C5AA /* Gen$models.swift in Sources */,
				9AFA3B681E6A3E9B0056C5AA /* Gen$network.swift in Sources */,
				9AFA3B691E6A3E9B0056C5AA /* Gen$queries.swift in Sources */,
				9ADAD5121E6C62B5008AC561 /* Decimal+ScalarType.swift in Sources */,
				9AFA3B471E6997B50056C5AA /* ScalarType.swift in Sources */,
				9AEF60DB1E5DBD620067FA90 /* ConfigurationCoordinator.swift in Sources */,
				9AD26FA11E5258D7002DC70F /* Nameable.swift in Sources */,
				9AEF60CD1E5C782C0067FA90 /* GraphError.swift in Sources */,
				9AD26FA21E5258D7002DC70F /* Typeable.swift in Sources */,
				9AD26FA31E5258D7002DC70F /* Describeable.swift in Sources */,
				9AD26FA41E5258D7002DC70F /* Schema.swift in Sources */,
				9AD26FA51E5258D7002DC70F /* Schema.Kind.swift in Sources */,
				9AD26FA61E5258D7002DC70F /* Schema.ObjectType.swift in Sources */,
				9AFA3B4B1E6997C60056C5AA /* URL+ScalarType.swift in Sources */,
				9AD26FA71E5258D7002DC70F /* Schema.Object.swift in Sources */,
				9AD26FA81E5258D7002DC70F /* Schema.EnumValue.swift in Sources */,
				9AD26FA91E5258D7002DC70F /* Schema.Field.swift in Sources */,
				9AD26FAA1E5258D7002DC70F /* Schema.InputField.swift in Sources */,
				9AD26FAB1E5258D7002DC70F /* Schema.Argument.swift in Sources */,
				9AD26FAC1E5258D7002DC70F /* StringRepresentable.swift in Sources */,
				9AD26FAD1E5258D7002DC70F /* Containable.swift in Sources */,
				9AFA3B561E6A3CFD0056C5AA /* Date+ScalarType.swift in Sources */,
				9ADAD50E1E6C4972008AC561 /* IntrospectionCoordinator.swift in Sources */,
				9AD26FAE1E5258D7002DC70F /* Containing.swift in Sources */,
				9AD26FAF1E5258D7002DC70F /* Swift.swift in Sources */,
				9AD26FB01E5258D7002DC70F /* Swift.Visibility.swift in Sources */,
				9AD26FB11E5258D7002DC70F /* Swift.Container.swift in Sources */,
				9AD26FB21E5258D7002DC70F /* Swift.Annotation.swift in Sources */,
				9AD26FB31E5258D7002DC70F /* Swift.Line.swift in Sources */,
				9AD26FB41E5258D7002DC70F /* Swift.Class.swift in Sources */,
				9AD26FB51E5258D7002DC70F /* Swift.EnumCase.swift in Sources */,
				9AD26FB61E5258D7002DC70F /* Swift.Method.swift in Sources */,
				9AD26FB71E5258D7002DC70F /* Swift.Property.swift in Sources */,
				9AD26FB81E5258D7002DC70F /* Swift.Alias.swift in Sources */,
				9AD26FB91E5258D7002DC70F /* Swift.Generator.swift in Sources */,
				9AD26FBA1E5258D7002DC70F /* InputType.swift in Sources */,
				9AD26FBB1E5258D7002DC70F /* URLSession+GraphQL.swift in Sources */,
				9AD26FBC1E5258D7002DC70F /* URLRequest+GraphQL.swift in Sources */,
				9AD26FBD1E5258D7002DC70F /* ContainerType.swift in Sources */,
				9AEF60D71E5DB8DA0067FA90 /* Configuration.swift in Sources */,
				9AD26FBE1E5258D7002DC70F /* JsonCreatable.swift in Sources */,
				9AD26FBF1E5258D7002DC70F /* Parameter.swift in Sources */,
				9AD26FC01E5258D7002DC70F /* String+CaseConversion.swift in Sources */,
				9AD26FC11E5258D7002DC70F /* ConcreteGraphModel.swift in Sources */,
				9AD26FC21E5258D7002DC70F /* Environment.swift in Sources */,
				9AD26FC31E5258D7002DC70F /* Field.swift in Sources */,
				9AD26FC41E5258D7002DC70F /* TypedField.swift in Sources */,
				9AD26FC51E5258D7002DC70F /* InlineFragment.swift in Sources */,
				9AD26FC61E5258D7002DC70F /* GraphQL.swift in Sources */,
				9AD26FC71E5258D7002DC70F /* ValueType.swift in Sources */,
				9AD26FC81E5258D7002DC70F /* Collection+Append.swift in Sources */,
				9AD26FC91E5258D7002DC70F /* GraphModel.swift in Sources */,
				9AD26FCA1E5258D7002DC70F /* ReferenceType.swift in Sources */,
			);
			runOnlyForDeploymentPostprocessing = 0;
		};
		9AD5FF6F1E4D214B0062070B /* Sources */ = {
			isa = PBXSourcesBuildPhase;
			buildActionMask = 2147483647;
			files = (
				9AD26F6B1E51ED15002DC70F /* Nameable.swift in Sources */,
				9AFA3B4E1E699B5A0056C5AA /* ScalarType.swift in Sources */,
				9AD26F6C1E51ED15002DC70F /* Typeable.swift in Sources */,
				9AD26F6D1E51ED15002DC70F /* Describeable.swift in Sources */,
				9AD26F6E1E51ED15002DC70F /* Schema.swift in Sources */,
				9AD26F6F1E51ED15002DC70F /* Schema.Kind.swift in Sources */,
				9ADAD5131E6C62B5008AC561 /* Decimal+ScalarType.swift in Sources */,
				9AD26F701E51ED15002DC70F /* Schema.ObjectType.swift in Sources */,
				9AEF60DC1E5DBD620067FA90 /* ConfigurationCoordinator.swift in Sources */,
				9AD26F711E51ED15002DC70F /* Schema.Object.swift in Sources */,
				9AD26F721E51ED15002DC70F /* Schema.EnumValue.swift in Sources */,
				9AD26F731E51ED15002DC70F /* Schema.Field.swift in Sources */,
				9AD26F741E51ED15002DC70F /* Schema.InputField.swift in Sources */,
				9AD26F751E51ED15002DC70F /* Schema.Argument.swift in Sources */,
				9AD26F851E51ED1E002DC70F /* StringRepresentable.swift in Sources */,
				9ADAD50F1E6C4972008AC561 /* IntrospectionCoordinator.swift in Sources */,
				9AD26F861E51ED1E002DC70F /* Containable.swift in Sources */,
				9AD26F871E51ED1E002DC70F /* Containing.swift in Sources */,
				9AFA3B4D1E699B540056C5AA /* JsonCreatable.swift in Sources */,
				9AD26F881E51ED1E002DC70F /* Swift.swift in Sources */,
				9AD26F891E51ED1E002DC70F /* Swift.Visibility.swift in Sources */,
				9AD26F8A1E51ED1E002DC70F /* Swift.Container.swift in Sources */,
				9AD26F8B1E51ED1E002DC70F /* Swift.Annotation.swift in Sources */,
				9AD26F8C1E51ED1E002DC70F /* Swift.Line.swift in Sources */,
				9AD26F8D1E51ED1E002DC70F /* Swift.Class.swift in Sources */,
				9AD26F8E1E51ED1E002DC70F /* Swift.EnumCase.swift in Sources */,
				9AEF60D81E5DB8DA0067FA90 /* Configuration.swift in Sources */,
				9AD26F8F1E51ED1E002DC70F /* Swift.Method.swift in Sources */,
				9AD26F901E51ED1E002DC70F /* Swift.Property.swift in Sources */,
				9AD26F911E51ED1E002DC70F /* Swift.Alias.swift in Sources */,
				9AD26F921E51ED1E002DC70F /* Swift.Generator.swift in Sources */,
				9ADAD3E91E50F31D008AC561 /* Collection+Append.swift in Sources */,
				9A56D4B91E51EA84008A37C5 /* main.swift in Sources */,
				9AFA3B571E6A3CFD0056C5AA /* Date+ScalarType.swift in Sources */,
				9A36AEDC1E4DF2F900DA0201 /* Arguments.swift in Sources */,
				9AD5FF981E4D21C40062070B /* String+CaseConversion.swift in Sources */,
				9AD5FF7C1E4D21AF0062070B /* Environment.swift in Sources */,
				9AEF60E31E5E7B9F0067FA90 /* Executable.swift in Sources */,
				9AD5FF7E1E4D21AF0062070B /* GraphQL.swift in Sources */,
				9AFA3B4F1E699B5A0056C5AA /* URL+ScalarType.swift in Sources */,
			);
			runOnlyForDeploymentPostprocessing = 0;
		};
/* End PBXSourcesBuildPhase section */

/* Begin PBXTargetDependency section */
		9A9A6A191E0EC9C6008754A4 /* PBXTargetDependency */ = {
			isa = PBXTargetDependency;
			target = 9A9A6A0C1E0EC9C6008754A4 /* Gryphin-MacOS */;
			targetProxy = 9A9A6A181E0EC9C6008754A4 /* PBXContainerItemProxy */;
		};
		9AD26F511E51ECDB002DC70F /* PBXTargetDependency */ = {
			isa = PBXTargetDependency;
			target = 9AD5FF721E4D214B0062070B /* GryphinGenerate */;
			targetProxy = 9AD26F501E51ECDB002DC70F /* PBXContainerItemProxy */;
		};
		9ADAD4541E5337BD008AC561 /* PBXTargetDependency */ = {
			isa = PBXTargetDependency;
			target = 9AD5FF721E4D214B0062070B /* GryphinGenerate */;
			targetProxy = 9ADAD4531E5337BD008AC561 /* PBXContainerItemProxy */;
		};
/* End PBXTargetDependency section */

/* Begin XCBuildConfiguration section */
		9A9A6A1F1E0EC9C6008754A4 /* Debug */ = {
			isa = XCBuildConfiguration;
			buildSettings = {
				ALWAYS_SEARCH_USER_PATHS = NO;
				CLANG_ANALYZER_NONNULL = YES;
				CLANG_CXX_LANGUAGE_STANDARD = "gnu++0x";
				CLANG_CXX_LIBRARY = "libc++";
				CLANG_ENABLE_MODULES = YES;
				CLANG_ENABLE_OBJC_ARC = YES;
				CLANG_WARN_BOOL_CONVERSION = YES;
				CLANG_WARN_CONSTANT_CONVERSION = YES;
				CLANG_WARN_DIRECT_OBJC_ISA_USAGE = YES_ERROR;
				CLANG_WARN_DOCUMENTATION_COMMENTS = YES;
				CLANG_WARN_EMPTY_BODY = YES;
				CLANG_WARN_ENUM_CONVERSION = YES;
				CLANG_WARN_INFINITE_RECURSION = YES;
				CLANG_WARN_INT_CONVERSION = YES;
				CLANG_WARN_OBJC_ROOT_CLASS = YES_ERROR;
				CLANG_WARN_SUSPICIOUS_MOVE = YES;
				CLANG_WARN_UNREACHABLE_CODE = YES;
				CLANG_WARN__DUPLICATE_METHOD_MATCH = YES;
				CODE_SIGN_IDENTITY = "-";
				COPY_PHASE_STRIP = NO;
				CURRENT_PROJECT_VERSION = 1;
				DEBUG_INFORMATION_FORMAT = dwarf;
				ENABLE_STRICT_OBJC_MSGSEND = YES;
				ENABLE_TESTABILITY = YES;
				GCC_C_LANGUAGE_STANDARD = gnu99;
				GCC_DYNAMIC_NO_PIC = NO;
				GCC_NO_COMMON_BLOCKS = YES;
				GCC_OPTIMIZATION_LEVEL = 0;
				GCC_PREPROCESSOR_DEFINITIONS = (
					"DEBUG=1",
					"$(inherited)",
					"SCHEMA_PATH=$(SCHEMA_PATH)",
				);
				GCC_WARN_64_TO_32_BIT_CONVERSION = YES;
				GCC_WARN_ABOUT_RETURN_TYPE = YES_ERROR;
				GCC_WARN_UNDECLARED_SELECTOR = YES;
				GCC_WARN_UNINITIALIZED_AUTOS = YES_AGGRESSIVE;
				GCC_WARN_UNUSED_FUNCTION = YES;
				GCC_WARN_UNUSED_VARIABLE = YES;
				MACOSX_DEPLOYMENT_TARGET = 10.12;
				MTL_ENABLE_DEBUG_INFO = YES;
				ONLY_ACTIVE_ARCH = YES;
				SDKROOT = macosx;
				SWIFT_ACTIVE_COMPILATION_CONDITIONS = DEBUG;
				SWIFT_OPTIMIZATION_LEVEL = "-Onone";
				VERSIONING_SYSTEM = "apple-generic";
				VERSION_INFO_PREFIX = "";
			};
			name = Debug;
		};
		9A9A6A201E0EC9C6008754A4 /* Release */ = {
			isa = XCBuildConfiguration;
			buildSettings = {
				ALWAYS_SEARCH_USER_PATHS = NO;
				CLANG_ANALYZER_NONNULL = YES;
				CLANG_CXX_LANGUAGE_STANDARD = "gnu++0x";
				CLANG_CXX_LIBRARY = "libc++";
				CLANG_ENABLE_MODULES = YES;
				CLANG_ENABLE_OBJC_ARC = YES;
				CLANG_WARN_BOOL_CONVERSION = YES;
				CLANG_WARN_CONSTANT_CONVERSION = YES;
				CLANG_WARN_DIRECT_OBJC_ISA_USAGE = YES_ERROR;
				CLANG_WARN_DOCUMENTATION_COMMENTS = YES;
				CLANG_WARN_EMPTY_BODY = YES;
				CLANG_WARN_ENUM_CONVERSION = YES;
				CLANG_WARN_INFINITE_RECURSION = YES;
				CLANG_WARN_INT_CONVERSION = YES;
				CLANG_WARN_OBJC_ROOT_CLASS = YES_ERROR;
				CLANG_WARN_SUSPICIOUS_MOVE = YES;
				CLANG_WARN_UNREACHABLE_CODE = YES;
				CLANG_WARN__DUPLICATE_METHOD_MATCH = YES;
				CODE_SIGN_IDENTITY = "-";
				COPY_PHASE_STRIP = NO;
				CURRENT_PROJECT_VERSION = 1;
				DEBUG_INFORMATION_FORMAT = "dwarf-with-dsym";
				ENABLE_NS_ASSERTIONS = NO;
				ENABLE_STRICT_OBJC_MSGSEND = YES;
				GCC_C_LANGUAGE_STANDARD = gnu99;
				GCC_NO_COMMON_BLOCKS = YES;
				GCC_WARN_64_TO_32_BIT_CONVERSION = YES;
				GCC_WARN_ABOUT_RETURN_TYPE = YES_ERROR;
				GCC_WARN_UNDECLARED_SELECTOR = YES;
				GCC_WARN_UNINITIALIZED_AUTOS = YES_AGGRESSIVE;
				GCC_WARN_UNUSED_FUNCTION = YES;
				GCC_WARN_UNUSED_VARIABLE = YES;
				MACOSX_DEPLOYMENT_TARGET = 10.12;
				MTL_ENABLE_DEBUG_INFO = NO;
				SDKROOT = macosx;
				SWIFT_OPTIMIZATION_LEVEL = "-Owholemodule";
				VERSIONING_SYSTEM = "apple-generic";
				VERSION_INFO_PREFIX = "";
			};
			name = Release;
		};
		9A9A6A221E0EC9C6008754A4 /* Debug */ = {
			isa = XCBuildConfiguration;
			buildSettings = {
				CODE_SIGN_IDENTITY = "";
				COMBINE_HIDPI_IMAGES = YES;
				DEFINES_MODULE = YES;
				DYLIB_COMPATIBILITY_VERSION = 1;
				DYLIB_CURRENT_VERSION = 1;
				DYLIB_INSTALL_NAME_BASE = "@rpath";
				FRAMEWORK_VERSION = A;
				INFOPLIST_FILE = "Gryphin/Info-MacOS.plist";
				INSTALL_PATH = "$(LOCAL_LIBRARY_DIR)/Frameworks";
				LD_RUNPATH_SEARCH_PATHS = "$(inherited) @executable_path/../Frameworks @loader_path/Frameworks";
				PRODUCT_BUNDLE_IDENTIFIER = com.dimabart.Gryphin;
				PRODUCT_MODULE_NAME = Gryphin;
				PRODUCT_NAME = Gryphin;
				SKIP_INSTALL = YES;
				SWIFT_VERSION = 3.0;
			};
			name = Debug;
		};
		9A9A6A231E0EC9C6008754A4 /* Release */ = {
			isa = XCBuildConfiguration;
			buildSettings = {
				CODE_SIGN_IDENTITY = "";
				COMBINE_HIDPI_IMAGES = YES;
				DEFINES_MODULE = YES;
				DYLIB_COMPATIBILITY_VERSION = 1;
				DYLIB_CURRENT_VERSION = 1;
				DYLIB_INSTALL_NAME_BASE = "@rpath";
				FRAMEWORK_VERSION = A;
				INFOPLIST_FILE = "Gryphin/Info-MacOS.plist";
				INSTALL_PATH = "$(LOCAL_LIBRARY_DIR)/Frameworks";
				LD_RUNPATH_SEARCH_PATHS = "$(inherited) @executable_path/../Frameworks @loader_path/Frameworks";
				PRODUCT_BUNDLE_IDENTIFIER = com.dimabart.Gryphin;
				PRODUCT_MODULE_NAME = Gryphin;
				PRODUCT_NAME = Gryphin;
				SKIP_INSTALL = YES;
				SWIFT_VERSION = 3.0;
			};
			name = Release;
		};
		9A9A6A251E0EC9C6008754A4 /* Debug */ = {
			isa = XCBuildConfiguration;
			buildSettings = {
				ALWAYS_EMBED_SWIFT_STANDARD_LIBRARIES = YES;
				CLANG_ENABLE_MODULES = YES;
				COMBINE_HIDPI_IMAGES = YES;
				INFOPLIST_FILE = GryphinTests/Info.plist;
				LD_RUNPATH_SEARCH_PATHS = "$(inherited) @executable_path/../Frameworks @loader_path/../Frameworks";
				PRODUCT_BUNDLE_IDENTIFIER = com.dimabart.GryphinTests;
				PRODUCT_NAME = "$(TARGET_NAME)";
				SWIFT_OPTIMIZATION_LEVEL = "-Onone";
				SWIFT_VERSION = 3.0;
			};
			name = Debug;
		};
		9A9A6A261E0EC9C6008754A4 /* Release */ = {
			isa = XCBuildConfiguration;
			buildSettings = {
				ALWAYS_EMBED_SWIFT_STANDARD_LIBRARIES = YES;
				CLANG_ENABLE_MODULES = YES;
				COMBINE_HIDPI_IMAGES = YES;
				INFOPLIST_FILE = GryphinTests/Info.plist;
				LD_RUNPATH_SEARCH_PATHS = "$(inherited) @executable_path/../Frameworks @loader_path/../Frameworks";
				PRODUCT_BUNDLE_IDENTIFIER = com.dimabart.GryphinTests;
				PRODUCT_NAME = "$(TARGET_NAME)";
				SWIFT_VERSION = 3.0;
			};
			name = Release;
		};
		9AD26FD51E5258D7002DC70F /* Debug */ = {
			isa = XCBuildConfiguration;
			buildSettings = {
				CODE_SIGN_IDENTITY = "";
				COMBINE_HIDPI_IMAGES = YES;
				DEFINES_MODULE = YES;
				DYLIB_COMPATIBILITY_VERSION = 1;
				DYLIB_CURRENT_VERSION = 1;
				DYLIB_INSTALL_NAME_BASE = "@rpath";
				FRAMEWORK_VERSION = A;
				INFOPLIST_FILE = "Gryphin/Info-iOS.plist";
				INSTALL_PATH = "$(LOCAL_LIBRARY_DIR)/Frameworks";
				LD_RUNPATH_SEARCH_PATHS = "$(inherited) @executable_path/../Frameworks @loader_path/Frameworks";
				PRODUCT_BUNDLE_IDENTIFIER = com.dimabart.Gryphin;
				PRODUCT_MODULE_NAME = Gryphin;
				PRODUCT_NAME = Gryphin;
				SDKROOT = iphoneos;
				SKIP_INSTALL = YES;
				SWIFT_VERSION = 3.0;
			};
			name = Debug;
		};
		9AD26FD61E5258D7002DC70F /* Release */ = {
			isa = XCBuildConfiguration;
			buildSettings = {
				CODE_SIGN_IDENTITY = "";
				COMBINE_HIDPI_IMAGES = YES;
				DEFINES_MODULE = YES;
				DYLIB_COMPATIBILITY_VERSION = 1;
				DYLIB_CURRENT_VERSION = 1;
				DYLIB_INSTALL_NAME_BASE = "@rpath";
				FRAMEWORK_VERSION = A;
				INFOPLIST_FILE = "Gryphin/Info-iOS.plist";
				INSTALL_PATH = "$(LOCAL_LIBRARY_DIR)/Frameworks";
				LD_RUNPATH_SEARCH_PATHS = "$(inherited) @executable_path/../Frameworks @loader_path/Frameworks";
				PRODUCT_BUNDLE_IDENTIFIER = com.dimabart.Gryphin;
				PRODUCT_MODULE_NAME = Gryphin;
				PRODUCT_NAME = Gryphin;
				SDKROOT = iphoneos;
				SKIP_INSTALL = YES;
				SWIFT_VERSION = 3.0;
			};
			name = Release;
		};
		9AD5FF771E4D214B0062070B /* Debug */ = {
			isa = XCBuildConfiguration;
			buildSettings = {
				DEVELOPMENT_TEAM = MK88G5Q6ZN;
				PRODUCT_NAME = "$(TARGET_NAME)";
				SWIFT_VERSION = 3.0;
			};
			name = Debug;
		};
		9AD5FF781E4D214B0062070B /* Release */ = {
			isa = XCBuildConfiguration;
			buildSettings = {
				DEVELOPMENT_TEAM = MK88G5Q6ZN;
				PRODUCT_NAME = "$(TARGET_NAME)";
				SWIFT_VERSION = 3.0;
			};
			name = Release;
		};
/* End XCBuildConfiguration section */

/* Begin XCConfigurationList section */
		9A9A6A071E0EC9C6008754A4 /* Build configuration list for PBXProject "Gryphin" */ = {
			isa = XCConfigurationList;
			buildConfigurations = (
				9A9A6A1F1E0EC9C6008754A4 /* Debug */,
				9A9A6A201E0EC9C6008754A4 /* Release */,
			);
			defaultConfigurationIsVisible = 0;
			defaultConfigurationName = Release;
		};
		9A9A6A211E0EC9C6008754A4 /* Build configuration list for PBXNativeTarget "Gryphin-MacOS" */ = {
			isa = XCConfigurationList;
			buildConfigurations = (
				9A9A6A221E0EC9C6008754A4 /* Debug */,
				9A9A6A231E0EC9C6008754A4 /* Release */,
			);
			defaultConfigurationIsVisible = 0;
			defaultConfigurationName = Release;
		};
		9A9A6A241E0EC9C6008754A4 /* Build configuration list for PBXNativeTarget "GryphinTests" */ = {
			isa = XCConfigurationList;
			buildConfigurations = (
				9A9A6A251E0EC9C6008754A4 /* Debug */,
				9A9A6A261E0EC9C6008754A4 /* Release */,
			);
			defaultConfigurationIsVisible = 0;
			defaultConfigurationName = Release;
		};
		9AD26FD41E5258D7002DC70F /* Build configuration list for PBXNativeTarget "Gryphin-iOS" */ = {
			isa = XCConfigurationList;
			buildConfigurations = (
				9AD26FD51E5258D7002DC70F /* Debug */,
				9AD26FD61E5258D7002DC70F /* Release */,
			);
			defaultConfigurationIsVisible = 0;
			defaultConfigurationName = Release;
		};
		9AD5FF791E4D214B0062070B /* Build configuration list for PBXNativeTarget "GryphinGenerate" */ = {
			isa = XCConfigurationList;
			buildConfigurations = (
				9AD5FF771E4D214B0062070B /* Debug */,
				9AD5FF781E4D214B0062070B /* Release */,
			);
			defaultConfigurationIsVisible = 0;
			defaultConfigurationName = Release;
		};
/* End XCConfigurationList section */
	};
	rootObject = 9A9A6A041E0EC9C6008754A4 /* Project object */;
}
