// !$*UTF8*$!
{
	archiveVersion = 1;
	classes = {
	};
	objectVersion = 46;
	objects = {

/* Begin PBXBuildFile section */
		9A0ECD241E3FE37A00D63B8B /* Swift.ClassTests.swift in Sources */ = {isa = PBXBuildFile; fileRef = 9A0ECD231E3FE37A00D63B8B /* Swift.ClassTests.swift */; };
		9A27555B1E3E4A6F00F3FD4A /* TypedFieldTests.swift in Sources */ = {isa = PBXBuildFile; fileRef = 9A27555A1E3E4A6F00F3FD4A /* TypedFieldTests.swift */; };
		9A27555D1E3E4C9F00F3FD4A /* InlineFragmentTests.swift in Sources */ = {isa = PBXBuildFile; fileRef = 9A27555C1E3E4C9F00F3FD4A /* InlineFragmentTests.swift */; };
		9A27555F1E3E57F500F3FD4A /* ParameterTests.swift in Sources */ = {isa = PBXBuildFile; fileRef = 9A27555E1E3E57F500F3FD4A /* ParameterTests.swift */; };
		9A2755621E3E5C0E00F3FD4A /* Swift.VisibilityTests.swift in Sources */ = {isa = PBXBuildFile; fileRef = 9A2755611E3E5C0E00F3FD4A /* Swift.VisibilityTests.swift */; };
		9A2755641E3E5CB500F3FD4A /* Swift.ContainerTests.swift in Sources */ = {isa = PBXBuildFile; fileRef = 9A2755631E3E5CB500F3FD4A /* Swift.ContainerTests.swift */; };
		9A27B0371E231AF100AFBDA6 /* InlineFragment.swift in Sources */ = {isa = PBXBuildFile; fileRef = 9A27B0361E231AF100AFBDA6 /* InlineFragment.swift */; };
		9A27B03D1E24728E00AFBDA6 /* String+CaseConversion.swift in Sources */ = {isa = PBXBuildFile; fileRef = 9A27B03C1E24728E00AFBDA6 /* String+CaseConversion.swift */; };
		9A27B03F1E24753300AFBDA6 /* String+CaseConversionTests.swift in Sources */ = {isa = PBXBuildFile; fileRef = 9A27B03E1E24753300AFBDA6 /* String+CaseConversionTests.swift */; };
		9A47206B1E28573A002A2B64 /* ReferenceTypeTests.swift in Sources */ = {isa = PBXBuildFile; fileRef = 9A47206A1E28573A002A2B64 /* ReferenceTypeTests.swift */; };
		9A47206D1E286588002A2B64 /* InputType.swift in Sources */ = {isa = PBXBuildFile; fileRef = 9A47206C1E286588002A2B64 /* InputType.swift */; };
		9A7F3C9B1E196E4F000D4455 /* Schema.InputField.swift in Sources */ = {isa = PBXBuildFile; fileRef = 9A7F3C9A1E196E4F000D4455 /* Schema.InputField.swift */; };
		9A7F3C9D1E196F91000D4455 /* Nameable.swift in Sources */ = {isa = PBXBuildFile; fileRef = 9A7F3C9C1E196F91000D4455 /* Nameable.swift */; };
		9A7F3C9F1E196FBA000D4455 /* Describeable.swift in Sources */ = {isa = PBXBuildFile; fileRef = 9A7F3C9E1E196FBA000D4455 /* Describeable.swift */; };
		9A8878D01E258585007FB44F /* Environment.swift in Sources */ = {isa = PBXBuildFile; fileRef = 9A8878CF1E258585007FB44F /* Environment.swift */; };
		9A8878D21E2588CC007FB44F /* ContainerTypeTests.swift in Sources */ = {isa = PBXBuildFile; fileRef = 9A8878D11E2588CC007FB44F /* ContainerTypeTests.swift */; };
		9A8878F91E2CF344007FB44F /* InputTypeTests.swift in Sources */ = {isa = PBXBuildFile; fileRef = 9A8878F81E2CF344007FB44F /* InputTypeTests.swift */; };
		9A8878FB1E2CF682007FB44F /* ValueTypeTests.swift in Sources */ = {isa = PBXBuildFile; fileRef = 9A8878FA1E2CF682007FB44F /* ValueTypeTests.swift */; };
		9A8879041E2D4D0D007FB44F /* TypedField.swift in Sources */ = {isa = PBXBuildFile; fileRef = 9A8879031E2D4D0D007FB44F /* TypedField.swift */; };
		9A88790C1E2E4719007FB44F /* GraphModel.swift in Sources */ = {isa = PBXBuildFile; fileRef = 9A88790B1E2E4718007FB44F /* GraphModel.swift */; };
		9A8DAAD01E1712960032CC6F /* Swift.EnumCase.swift in Sources */ = {isa = PBXBuildFile; fileRef = 9A8DAACF1E1712960032CC6F /* Swift.EnumCase.swift */; };
		9A972A1E1E40BCF7007F7B0B /* Swift.EnumCaseTests.swift in Sources */ = {isa = PBXBuildFile; fileRef = 9A972A1D1E40BCF7007F7B0B /* Swift.EnumCaseTests.swift */; };
		9A98A3301E140B7C00B2AD52 /* Schema.EnumValue.swift in Sources */ = {isa = PBXBuildFile; fileRef = 9A98A32F1E140B7C00B2AD52 /* Schema.EnumValue.swift */; };
		9A98A3321E140EAB00B2AD52 /* Swift.Generator.swift in Sources */ = {isa = PBXBuildFile; fileRef = 9A98A3311E140EAB00B2AD52 /* Swift.Generator.swift */; };
		9A98A3391E159B8000B2AD52 /* Swift.Alias.swift in Sources */ = {isa = PBXBuildFile; fileRef = 9A98A3381E159B8000B2AD52 /* Swift.Alias.swift */; };
		9A98A33B1E159E5100B2AD52 /* Containable.swift in Sources */ = {isa = PBXBuildFile; fileRef = 9A98A33A1E159E5100B2AD52 /* Containable.swift */; };
		9A98A33C1E159FD200B2AD52 /* Swift.Container.swift in Sources */ = {isa = PBXBuildFile; fileRef = 9A9A6A3A1E0EC9F8008754A4 /* Swift.Container.swift */; };
		9A98A33F1E15F2A700B2AD52 /* Swift.Property.swift in Sources */ = {isa = PBXBuildFile; fileRef = 9A98A33E1E15F2A700B2AD52 /* Swift.Property.swift */; };
		9A98A3411E15F3F800B2AD52 /* Swift.Annotation.swift in Sources */ = {isa = PBXBuildFile; fileRef = 9A98A3401E15F3F800B2AD52 /* Swift.Annotation.swift */; };
		9A9A6A171E0EC9C6008754A4 /* Gryphin.framework in Frameworks */ = {isa = PBXBuildFile; fileRef = 9A9A6A0D1E0EC9C6008754A4 /* Gryphin.framework */; };
		9A9A6A1E1E0EC9C6008754A4 /* Gryphin.h in Headers */ = {isa = PBXBuildFile; fileRef = 9A9A6A101E0EC9C6008754A4 /* Gryphin.h */; settings = {ATTRIBUTES = (Public, ); }; };
		9A9A6A2E1E0EC9E2008754A4 /* JsonCreatable.swift in Sources */ = {isa = PBXBuildFile; fileRef = 9A9A6A271E0EC9E2008754A4 /* JsonCreatable.swift */; };
		9A9A6A2F1E0EC9E2008754A4 /* Schema.swift in Sources */ = {isa = PBXBuildFile; fileRef = 9A9A6A281E0EC9E2008754A4 /* Schema.swift */; };
		9A9A6A301E0EC9E2008754A4 /* Schema.Kind.swift in Sources */ = {isa = PBXBuildFile; fileRef = 9A9A6A291E0EC9E2008754A4 /* Schema.Kind.swift */; };
		9A9A6A311E0EC9E2008754A4 /* Schema.ObjectType.swift in Sources */ = {isa = PBXBuildFile; fileRef = 9A9A6A2A1E0EC9E2008754A4 /* Schema.ObjectType.swift */; };
		9A9A6A321E0EC9E2008754A4 /* Schema.Object.swift in Sources */ = {isa = PBXBuildFile; fileRef = 9A9A6A2B1E0EC9E2008754A4 /* Schema.Object.swift */; };
		9A9A6A331E0EC9E2008754A4 /* Schema.Field.swift in Sources */ = {isa = PBXBuildFile; fileRef = 9A9A6A2C1E0EC9E2008754A4 /* Schema.Field.swift */; };
		9A9A6A341E0EC9E2008754A4 /* Schema.Argument.swift in Sources */ = {isa = PBXBuildFile; fileRef = 9A9A6A2D1E0EC9E2008754A4 /* Schema.Argument.swift */; };
		9A9A6A3E1E0EC9F8008754A4 /* StringRepresentable.swift in Sources */ = {isa = PBXBuildFile; fileRef = 9A9A6A371E0EC9F8008754A4 /* StringRepresentable.swift */; };
		9A9A6A3F1E0EC9F8008754A4 /* Containing.swift in Sources */ = {isa = PBXBuildFile; fileRef = 9A9A6A381E0EC9F8008754A4 /* Containing.swift */; };
		9A9A6A421E0EC9F8008754A4 /* Swift.Visibility.swift in Sources */ = {isa = PBXBuildFile; fileRef = 9A9A6A3B1E0EC9F8008754A4 /* Swift.Visibility.swift */; };
		9A9A6A431E0EC9F8008754A4 /* Swift.Class.swift in Sources */ = {isa = PBXBuildFile; fileRef = 9A9A6A3C1E0EC9F8008754A4 /* Swift.Class.swift */; };
		9A9A6A441E0EC9F8008754A4 /* Swift.Method.swift in Sources */ = {isa = PBXBuildFile; fileRef = 9A9A6A3D1E0EC9F8008754A4 /* Swift.Method.swift */; };
		9A9A6A4E1E0ECA33008754A4 /* ValueType.swift in Sources */ = {isa = PBXBuildFile; fileRef = 9A9A6A461E0ECA33008754A4 /* ValueType.swift */; };
		9A9A6A4F1E0ECA33008754A4 /* ReferenceType.swift in Sources */ = {isa = PBXBuildFile; fileRef = 9A9A6A471E0ECA33008754A4 /* ReferenceType.swift */; };
		9A9A6A501E0ECA33008754A4 /* ContainerType.swift in Sources */ = {isa = PBXBuildFile; fileRef = 9A9A6A481E0ECA33008754A4 /* ContainerType.swift */; };
		9A9A6A521E0ECA33008754A4 /* Field.swift in Sources */ = {isa = PBXBuildFile; fileRef = 9A9A6A4A1E0ECA33008754A4 /* Field.swift */; };
		9A9A6A551E0ECA33008754A4 /* Parameter.swift in Sources */ = {isa = PBXBuildFile; fileRef = 9A9A6A4D1E0ECA33008754A4 /* Parameter.swift */; };
		9A9A6A5C1E0ECA55008754A4 /* String+Newline.swift in Sources */ = {isa = PBXBuildFile; fileRef = 9A9A6A561E0ECA55008754A4 /* String+Newline.swift */; };
		9A9A6A5D1E0ECA55008754A4 /* FieldTests.swift in Sources */ = {isa = PBXBuildFile; fileRef = 9A9A6A571E0ECA55008754A4 /* FieldTests.swift */; };
		9A9A6A601E0ECA55008754A4 /* SchemaTests.swift in Sources */ = {isa = PBXBuildFile; fileRef = 9A9A6A5A1E0ECA55008754A4 /* SchemaTests.swift */; };
		9A9A6A611E0ECA55008754A4 /* schema.json in Resources */ = {isa = PBXBuildFile; fileRef = 9A9A6A5B1E0ECA55008754A4 /* schema.json */; };
		9A9A6A631E0ED345008754A4 /* Schema.Directive.swift in Sources */ = {isa = PBXBuildFile; fileRef = 9A9A6A621E0ED345008754A4 /* Schema.Directive.swift */; };
		9A9A6A651E12CAA4008754A4 /* Swift.Namespace.swift in Sources */ = {isa = PBXBuildFile; fileRef = 9A9A6A641E12CAA4008754A4 /* Swift.Namespace.swift */; };
		9A9A6A671E12CAC1008754A4 /* Swift.swift in Sources */ = {isa = PBXBuildFile; fileRef = 9A9A6A661E12CAC1008754A4 /* Swift.swift */; };
		9A9A6A6B1E12D2F6008754A4 /* Swift.Line.swift in Sources */ = {isa = PBXBuildFile; fileRef = 9A9A6A6A1E12D2F6008754A4 /* Swift.Line.swift */; };
		9AA48FBF1E227D410028F044 /* Typeable.swift in Sources */ = {isa = PBXBuildFile; fileRef = 9AA48FBE1E227D410028F044 /* Typeable.swift */; };
		9AD022051E3BA495005C49F8 /* ConcreteGraphModel.swift in Sources */ = {isa = PBXBuildFile; fileRef = 9AD022041E3BA495005C49F8 /* ConcreteGraphModel.swift */; };
		9AD022081E3BB7FD005C49F8 /* APIModels.swift in Sources */ = {isa = PBXBuildFile; fileRef = 9AAF01661E2EC295004062EE /* APIModels.swift */; };
		9AD0220F1E3F66E0005C49F8 /* Swift.AnnotationTests.swift in Sources */ = {isa = PBXBuildFile; fileRef = 9AD0220E1E3F66E0005C49F8 /* Swift.AnnotationTests.swift */; };
		9AD022111E3F680F005C49F8 /* Swift.LinesTests.swift in Sources */ = {isa = PBXBuildFile; fileRef = 9AD022101E3F680F005C49F8 /* Swift.LinesTests.swift */; };
		9AD6AA6F1E364FDC00BF909C /* APISchema.swift in Sources */ = {isa = PBXBuildFile; fileRef = 9AAF01671E2EC295004062EE /* APISchema.swift */; };
		9AD6AA741E36575200BF909C /* ModelSerializationTests.swift in Sources */ = {isa = PBXBuildFile; fileRef = 9AD6AA731E36575200BF909C /* ModelSerializationTests.swift */; };
		9AD6AA761E3657A200BF909C /* queryComprehensive.json in Resources */ = {isa = PBXBuildFile; fileRef = 9AD6AA751E3657A200BF909C /* queryComprehensive.json */; };
		9AD6AA891E3795FC00BF909C /* queryNode.json in Resources */ = {isa = PBXBuildFile; fileRef = 9AD6AA881E3795FC00BF909C /* queryNode.json */; };
		9AD6AA8C1E37BA0400BF909C /* GraphQL.swift in Sources */ = {isa = PBXBuildFile; fileRef = 9AD6AA8B1E37BA0400BF909C /* GraphQL.swift */; };
/* End PBXBuildFile section */

/* Begin PBXContainerItemProxy section */
		9A9A6A181E0EC9C6008754A4 /* PBXContainerItemProxy */ = {
			isa = PBXContainerItemProxy;
			containerPortal = 9A9A6A041E0EC9C6008754A4 /* Project object */;
			proxyType = 1;
			remoteGlobalIDString = 9A9A6A0C1E0EC9C6008754A4;
			remoteInfo = Gryphin;
		};
/* End PBXContainerItemProxy section */

/* Begin PBXFileReference section */
		9A0ECD231E3FE37A00D63B8B /* Swift.ClassTests.swift */ = {isa = PBXFileReference; fileEncoding = 4; lastKnownFileType = sourcecode.swift; path = Swift.ClassTests.swift; sourceTree = "<group>"; };
		9A27555A1E3E4A6F00F3FD4A /* TypedFieldTests.swift */ = {isa = PBXFileReference; fileEncoding = 4; lastKnownFileType = sourcecode.swift; path = TypedFieldTests.swift; sourceTree = "<group>"; };
		9A27555C1E3E4C9F00F3FD4A /* InlineFragmentTests.swift */ = {isa = PBXFileReference; fileEncoding = 4; lastKnownFileType = sourcecode.swift; path = InlineFragmentTests.swift; sourceTree = "<group>"; };
		9A27555E1E3E57F500F3FD4A /* ParameterTests.swift */ = {isa = PBXFileReference; fileEncoding = 4; lastKnownFileType = sourcecode.swift; path = ParameterTests.swift; sourceTree = "<group>"; };
		9A2755611E3E5C0E00F3FD4A /* Swift.VisibilityTests.swift */ = {isa = PBXFileReference; fileEncoding = 4; lastKnownFileType = sourcecode.swift; path = Swift.VisibilityTests.swift; sourceTree = "<group>"; };
		9A2755631E3E5CB500F3FD4A /* Swift.ContainerTests.swift */ = {isa = PBXFileReference; fileEncoding = 4; lastKnownFileType = sourcecode.swift; path = Swift.ContainerTests.swift; sourceTree = "<group>"; };
		9A27B0361E231AF100AFBDA6 /* InlineFragment.swift */ = {isa = PBXFileReference; fileEncoding = 4; lastKnownFileType = sourcecode.swift; path = InlineFragment.swift; sourceTree = "<group>"; };
		9A27B03C1E24728E00AFBDA6 /* String+CaseConversion.swift */ = {isa = PBXFileReference; fileEncoding = 4; lastKnownFileType = sourcecode.swift; path = "String+CaseConversion.swift"; sourceTree = "<group>"; };
		9A27B03E1E24753300AFBDA6 /* String+CaseConversionTests.swift */ = {isa = PBXFileReference; fileEncoding = 4; lastKnownFileType = sourcecode.swift; path = "String+CaseConversionTests.swift"; sourceTree = "<group>"; };
		9A47206A1E28573A002A2B64 /* ReferenceTypeTests.swift */ = {isa = PBXFileReference; fileEncoding = 4; lastKnownFileType = sourcecode.swift; path = ReferenceTypeTests.swift; sourceTree = "<group>"; };
		9A47206C1E286588002A2B64 /* InputType.swift */ = {isa = PBXFileReference; fileEncoding = 4; lastKnownFileType = sourcecode.swift; path = InputType.swift; sourceTree = "<group>"; };
		9A7F3C9A1E196E4F000D4455 /* Schema.InputField.swift */ = {isa = PBXFileReference; fileEncoding = 4; lastKnownFileType = sourcecode.swift; path = Schema.InputField.swift; sourceTree = "<group>"; };
		9A7F3C9C1E196F91000D4455 /* Nameable.swift */ = {isa = PBXFileReference; fileEncoding = 4; lastKnownFileType = sourcecode.swift; path = Nameable.swift; sourceTree = "<group>"; };
		9A7F3C9E1E196FBA000D4455 /* Describeable.swift */ = {isa = PBXFileReference; fileEncoding = 4; lastKnownFileType = sourcecode.swift; path = Describeable.swift; sourceTree = "<group>"; };
		9A8878CF1E258585007FB44F /* Environment.swift */ = {isa = PBXFileReference; fileEncoding = 4; lastKnownFileType = sourcecode.swift; path = Environment.swift; sourceTree = "<group>"; };
		9A8878D11E2588CC007FB44F /* ContainerTypeTests.swift */ = {isa = PBXFileReference; fileEncoding = 4; lastKnownFileType = sourcecode.swift; path = ContainerTypeTests.swift; sourceTree = "<group>"; };
		9A8878F81E2CF344007FB44F /* InputTypeTests.swift */ = {isa = PBXFileReference; fileEncoding = 4; lastKnownFileType = sourcecode.swift; path = InputTypeTests.swift; sourceTree = "<group>"; };
		9A8878FA1E2CF682007FB44F /* ValueTypeTests.swift */ = {isa = PBXFileReference; fileEncoding = 4; lastKnownFileType = sourcecode.swift; path = ValueTypeTests.swift; sourceTree = "<group>"; };
		9A8879031E2D4D0D007FB44F /* TypedField.swift */ = {isa = PBXFileReference; fileEncoding = 4; lastKnownFileType = sourcecode.swift; path = TypedField.swift; sourceTree = "<group>"; };
		9A88790B1E2E4718007FB44F /* GraphModel.swift */ = {isa = PBXFileReference; fileEncoding = 4; lastKnownFileType = sourcecode.swift; path = GraphModel.swift; sourceTree = "<group>"; };
		9A8DAACF1E1712960032CC6F /* Swift.EnumCase.swift */ = {isa = PBXFileReference; fileEncoding = 4; lastKnownFileType = sourcecode.swift; path = Swift.EnumCase.swift; sourceTree = "<group>"; };
		9A972A1D1E40BCF7007F7B0B /* Swift.EnumCaseTests.swift */ = {isa = PBXFileReference; fileEncoding = 4; lastKnownFileType = sourcecode.swift; path = Swift.EnumCaseTests.swift; sourceTree = "<group>"; };
		9A98A32F1E140B7C00B2AD52 /* Schema.EnumValue.swift */ = {isa = PBXFileReference; fileEncoding = 4; lastKnownFileType = sourcecode.swift; path = Schema.EnumValue.swift; sourceTree = "<group>"; };
		9A98A3311E140EAB00B2AD52 /* Swift.Generator.swift */ = {isa = PBXFileReference; fileEncoding = 4; lastKnownFileType = sourcecode.swift; path = Swift.Generator.swift; sourceTree = "<group>"; };
		9A98A3381E159B8000B2AD52 /* Swift.Alias.swift */ = {isa = PBXFileReference; fileEncoding = 4; lastKnownFileType = sourcecode.swift; path = Swift.Alias.swift; sourceTree = "<group>"; };
		9A98A33A1E159E5100B2AD52 /* Containable.swift */ = {isa = PBXFileReference; fileEncoding = 4; lastKnownFileType = sourcecode.swift; path = Containable.swift; sourceTree = "<group>"; };
		9A98A33E1E15F2A700B2AD52 /* Swift.Property.swift */ = {isa = PBXFileReference; fileEncoding = 4; lastKnownFileType = sourcecode.swift; path = Swift.Property.swift; sourceTree = "<group>"; };
		9A98A3401E15F3F800B2AD52 /* Swift.Annotation.swift */ = {isa = PBXFileReference; fileEncoding = 4; lastKnownFileType = sourcecode.swift; path = Swift.Annotation.swift; sourceTree = "<group>"; };
		9A9A6A0D1E0EC9C6008754A4 /* Gryphin.framework */ = {isa = PBXFileReference; explicitFileType = wrapper.framework; includeInIndex = 0; path = Gryphin.framework; sourceTree = BUILT_PRODUCTS_DIR; };
		9A9A6A101E0EC9C6008754A4 /* Gryphin.h */ = {isa = PBXFileReference; lastKnownFileType = sourcecode.c.h; path = Gryphin.h; sourceTree = "<group>"; };
		9A9A6A111E0EC9C6008754A4 /* Info.plist */ = {isa = PBXFileReference; lastKnownFileType = text.plist.xml; path = Info.plist; sourceTree = "<group>"; };
		9A9A6A161E0EC9C6008754A4 /* GryphinTests.xctest */ = {isa = PBXFileReference; explicitFileType = wrapper.cfbundle; includeInIndex = 0; path = GryphinTests.xctest; sourceTree = BUILT_PRODUCTS_DIR; };
		9A9A6A1D1E0EC9C6008754A4 /* Info.plist */ = {isa = PBXFileReference; lastKnownFileType = text.plist.xml; path = Info.plist; sourceTree = "<group>"; };
		9A9A6A271E0EC9E2008754A4 /* JsonCreatable.swift */ = {isa = PBXFileReference; fileEncoding = 4; lastKnownFileType = sourcecode.swift; path = JsonCreatable.swift; sourceTree = "<group>"; };
		9A9A6A281E0EC9E2008754A4 /* Schema.swift */ = {isa = PBXFileReference; fileEncoding = 4; lastKnownFileType = sourcecode.swift; path = Schema.swift; sourceTree = "<group>"; };
		9A9A6A291E0EC9E2008754A4 /* Schema.Kind.swift */ = {isa = PBXFileReference; fileEncoding = 4; lastKnownFileType = sourcecode.swift; path = Schema.Kind.swift; sourceTree = "<group>"; };
		9A9A6A2A1E0EC9E2008754A4 /* Schema.ObjectType.swift */ = {isa = PBXFileReference; fileEncoding = 4; lastKnownFileType = sourcecode.swift; path = Schema.ObjectType.swift; sourceTree = "<group>"; };
		9A9A6A2B1E0EC9E2008754A4 /* Schema.Object.swift */ = {isa = PBXFileReference; fileEncoding = 4; lastKnownFileType = sourcecode.swift; path = Schema.Object.swift; sourceTree = "<group>"; };
		9A9A6A2C1E0EC9E2008754A4 /* Schema.Field.swift */ = {isa = PBXFileReference; fileEncoding = 4; lastKnownFileType = sourcecode.swift; path = Schema.Field.swift; sourceTree = "<group>"; };
		9A9A6A2D1E0EC9E2008754A4 /* Schema.Argument.swift */ = {isa = PBXFileReference; fileEncoding = 4; lastKnownFileType = sourcecode.swift; path = Schema.Argument.swift; sourceTree = "<group>"; };
		9A9A6A371E0EC9F8008754A4 /* StringRepresentable.swift */ = {isa = PBXFileReference; fileEncoding = 4; lastKnownFileType = sourcecode.swift; path = StringRepresentable.swift; sourceTree = "<group>"; };
		9A9A6A381E0EC9F8008754A4 /* Containing.swift */ = {isa = PBXFileReference; fileEncoding = 4; lastKnownFileType = sourcecode.swift; path = Containing.swift; sourceTree = "<group>"; };
		9A9A6A3A1E0EC9F8008754A4 /* Swift.Container.swift */ = {isa = PBXFileReference; fileEncoding = 4; lastKnownFileType = sourcecode.swift; path = Swift.Container.swift; sourceTree = "<group>"; };
		9A9A6A3B1E0EC9F8008754A4 /* Swift.Visibility.swift */ = {isa = PBXFileReference; fileEncoding = 4; lastKnownFileType = sourcecode.swift; path = Swift.Visibility.swift; sourceTree = "<group>"; };
		9A9A6A3C1E0EC9F8008754A4 /* Swift.Class.swift */ = {isa = PBXFileReference; fileEncoding = 4; lastKnownFileType = sourcecode.swift; path = Swift.Class.swift; sourceTree = "<group>"; };
		9A9A6A3D1E0EC9F8008754A4 /* Swift.Method.swift */ = {isa = PBXFileReference; fileEncoding = 4; lastKnownFileType = sourcecode.swift; path = Swift.Method.swift; sourceTree = "<group>"; };
		9A9A6A461E0ECA33008754A4 /* ValueType.swift */ = {isa = PBXFileReference; fileEncoding = 4; lastKnownFileType = sourcecode.swift; path = ValueType.swift; sourceTree = "<group>"; };
		9A9A6A471E0ECA33008754A4 /* ReferenceType.swift */ = {isa = PBXFileReference; fileEncoding = 4; lastKnownFileType = sourcecode.swift; path = ReferenceType.swift; sourceTree = "<group>"; };
		9A9A6A481E0ECA33008754A4 /* ContainerType.swift */ = {isa = PBXFileReference; fileEncoding = 4; lastKnownFileType = sourcecode.swift; path = ContainerType.swift; sourceTree = "<group>"; };
		9A9A6A4A1E0ECA33008754A4 /* Field.swift */ = {isa = PBXFileReference; fileEncoding = 4; lastKnownFileType = sourcecode.swift; path = Field.swift; sourceTree = "<group>"; };
		9A9A6A4D1E0ECA33008754A4 /* Parameter.swift */ = {isa = PBXFileReference; fileEncoding = 4; lastKnownFileType = sourcecode.swift; path = Parameter.swift; sourceTree = "<group>"; };
		9A9A6A561E0ECA55008754A4 /* String+Newline.swift */ = {isa = PBXFileReference; fileEncoding = 4; lastKnownFileType = sourcecode.swift; path = "String+Newline.swift"; sourceTree = "<group>"; };
		9A9A6A571E0ECA55008754A4 /* FieldTests.swift */ = {isa = PBXFileReference; fileEncoding = 4; lastKnownFileType = sourcecode.swift; path = FieldTests.swift; sourceTree = "<group>"; };
		9A9A6A5A1E0ECA55008754A4 /* SchemaTests.swift */ = {isa = PBXFileReference; fileEncoding = 4; lastKnownFileType = sourcecode.swift; path = SchemaTests.swift; sourceTree = "<group>"; };
		9A9A6A5B1E0ECA55008754A4 /* schema.json */ = {isa = PBXFileReference; fileEncoding = 4; lastKnownFileType = text.json; path = schema.json; sourceTree = "<group>"; };
		9A9A6A621E0ED345008754A4 /* Schema.Directive.swift */ = {isa = PBXFileReference; fileEncoding = 4; lastKnownFileType = sourcecode.swift; path = Schema.Directive.swift; sourceTree = "<group>"; };
		9A9A6A641E12CAA4008754A4 /* Swift.Namespace.swift */ = {isa = PBXFileReference; fileEncoding = 4; lastKnownFileType = sourcecode.swift; path = Swift.Namespace.swift; sourceTree = "<group>"; };
		9A9A6A661E12CAC1008754A4 /* Swift.swift */ = {isa = PBXFileReference; fileEncoding = 4; lastKnownFileType = sourcecode.swift; path = Swift.swift; sourceTree = "<group>"; };
		9A9A6A6A1E12D2F6008754A4 /* Swift.Line.swift */ = {isa = PBXFileReference; fileEncoding = 4; lastKnownFileType = sourcecode.swift; path = Swift.Line.swift; sourceTree = "<group>"; };
		9AA48FBE1E227D410028F044 /* Typeable.swift */ = {isa = PBXFileReference; fileEncoding = 4; lastKnownFileType = sourcecode.swift; path = Typeable.swift; sourceTree = "<group>"; };
		9AAF01661E2EC295004062EE /* APIModels.swift */ = {isa = PBXFileReference; fileEncoding = 4; lastKnownFileType = sourcecode.swift; name = APIModels.swift; path = /Users/dbart/Desktop/APIModels.swift; sourceTree = "<absolute>"; };
		9AAF01671E2EC295004062EE /* APISchema.swift */ = {isa = PBXFileReference; fileEncoding = 4; lastKnownFileType = sourcecode.swift; name = APISchema.swift; path = /Users/dbart/Desktop/APISchema.swift; sourceTree = "<absolute>"; };
		9AD022041E3BA495005C49F8 /* ConcreteGraphModel.swift */ = {isa = PBXFileReference; fileEncoding = 4; lastKnownFileType = sourcecode.swift; path = ConcreteGraphModel.swift; sourceTree = "<group>"; };
		9AD0220E1E3F66E0005C49F8 /* Swift.AnnotationTests.swift */ = {isa = PBXFileReference; fileEncoding = 4; lastKnownFileType = sourcecode.swift; path = Swift.AnnotationTests.swift; sourceTree = "<group>"; };
		9AD022101E3F680F005C49F8 /* Swift.LinesTests.swift */ = {isa = PBXFileReference; fileEncoding = 4; lastKnownFileType = sourcecode.swift; path = Swift.LinesTests.swift; sourceTree = "<group>"; };
		9AD6AA731E36575200BF909C /* ModelSerializationTests.swift */ = {isa = PBXFileReference; fileEncoding = 4; lastKnownFileType = sourcecode.swift; path = ModelSerializationTests.swift; sourceTree = "<group>"; };
		9AD6AA751E3657A200BF909C /* queryComprehensive.json */ = {isa = PBXFileReference; fileEncoding = 4; lastKnownFileType = text.json; path = queryComprehensive.json; sourceTree = "<group>"; };
		9AD6AA881E3795FC00BF909C /* queryNode.json */ = {isa = PBXFileReference; fileEncoding = 4; lastKnownFileType = text.json; path = queryNode.json; sourceTree = "<group>"; };
		9AD6AA8B1E37BA0400BF909C /* GraphQL.swift */ = {isa = PBXFileReference; fileEncoding = 4; lastKnownFileType = sourcecode.swift; path = GraphQL.swift; sourceTree = "<group>"; };
/* End PBXFileReference section */

/* Begin PBXFrameworksBuildPhase section */
		9A9A6A091E0EC9C6008754A4 /* Frameworks */ = {
			isa = PBXFrameworksBuildPhase;
			buildActionMask = 2147483647;
			files = (
			);
			runOnlyForDeploymentPostprocessing = 0;
		};
		9A9A6A131E0EC9C6008754A4 /* Frameworks */ = {
			isa = PBXFrameworksBuildPhase;
			buildActionMask = 2147483647;
			files = (
				9A9A6A171E0EC9C6008754A4 /* Gryphin.framework in Frameworks */,
			);
			runOnlyForDeploymentPostprocessing = 0;
		};
/* End PBXFrameworksBuildPhase section */

/* Begin PBXGroup section */
		9A2755601E3E5BE600F3FD4A /* Code Generation */ = {
			isa = PBXGroup;
			children = (
				9A2755611E3E5C0E00F3FD4A /* Swift.VisibilityTests.swift */,
				9A2755631E3E5CB500F3FD4A /* Swift.ContainerTests.swift */,
				9AD0220E1E3F66E0005C49F8 /* Swift.AnnotationTests.swift */,
				9AD022101E3F680F005C49F8 /* Swift.LinesTests.swift */,
				9A0ECD231E3FE37A00D63B8B /* Swift.ClassTests.swift */,
				9A972A1D1E40BCF7007F7B0B /* Swift.EnumCaseTests.swift */,
			);
			name = "Code Generation";
			sourceTree = "<group>";
		};
		9A27B03B1E24728300AFBDA6 /* Extensions */ = {
			isa = PBXGroup;
			children = (
				9A27B03C1E24728E00AFBDA6 /* String+CaseConversion.swift */,
			);
			name = Extensions;
			sourceTree = "<group>";
		};
		9A8878BB1E253AB9007FB44F /* Extensions */ = {
			isa = PBXGroup;
			children = (
				9A27B03E1E24753300AFBDA6 /* String+CaseConversionTests.swift */,
			);
			name = Extensions;
			sourceTree = "<group>";
		};
		9A8878BC1E253B0A007FB44F /* Query Generation */ = {
			isa = PBXGroup;
			children = (
				9A8878FA1E2CF682007FB44F /* ValueTypeTests.swift */,
				9A47206A1E28573A002A2B64 /* ReferenceTypeTests.swift */,
				9A8878D11E2588CC007FB44F /* ContainerTypeTests.swift */,
				9A8878F81E2CF344007FB44F /* InputTypeTests.swift */,
				9A9A6A571E0ECA55008754A4 /* FieldTests.swift */,
				9A27555A1E3E4A6F00F3FD4A /* TypedFieldTests.swift */,
				9A27555C1E3E4C9F00F3FD4A /* InlineFragmentTests.swift */,
				9A27555E1E3E57F500F3FD4A /* ParameterTests.swift */,
			);
			name = "Query Generation";
			sourceTree = "<group>";
		};
		9A8878BD1E253B64007FB44F /* Schema */ = {
			isa = PBXGroup;
			children = (
				9A9A6A5A1E0ECA55008754A4 /* SchemaTests.swift */,
				9A9A6A5B1E0ECA55008754A4 /* schema.json */,
				9AD6AA751E3657A200BF909C /* queryComprehensive.json */,
				9AD6AA881E3795FC00BF909C /* queryNode.json */,
				9AAF01601E2EC148004062EE /* Generated */,
			);
			name = Schema;
			sourceTree = "<group>";
		};
		9A8878BF1E254214007FB44F /* Utilities */ = {
			isa = PBXGroup;
			children = (
				9A9A6A561E0ECA55008754A4 /* String+Newline.swift */,
			);
			name = Utilities;
			sourceTree = "<group>";
		};
		9A8879021E2D40A2007FB44F /* Models */ = {
			isa = PBXGroup;
			children = (
				9A88790B1E2E4718007FB44F /* GraphModel.swift */,
				9AD022041E3BA495005C49F8 /* ConcreteGraphModel.swift */,
			);
			name = Models;
			sourceTree = "<group>";
		};
		9A8879071E2D5DD9007FB44F /* Shared */ = {
			isa = PBXGroup;
			children = (
				9A9A6A271E0EC9E2008754A4 /* JsonCreatable.swift */,
				9AD6AA8B1E37BA0400BF909C /* GraphQL.swift */,
			);
			name = Shared;
			sourceTree = "<group>";
		};
		9A9A6A031E0EC9C6008754A4 = {
			isa = PBXGroup;
			children = (
				9A9A6A0F1E0EC9C6008754A4 /* Gryphin */,
				9A9A6A1A1E0EC9C6008754A4 /* GryphinTests */,
				9A9A6A0E1E0EC9C6008754A4 /* Products */,
			);
			sourceTree = "<group>";
		};
		9A9A6A0E1E0EC9C6008754A4 /* Products */ = {
			isa = PBXGroup;
			children = (
				9A9A6A0D1E0EC9C6008754A4 /* Gryphin.framework */,
				9A9A6A161E0EC9C6008754A4 /* GryphinTests.xctest */,
			);
			name = Products;
			sourceTree = "<group>";
		};
		9A9A6A0F1E0EC9C6008754A4 /* Gryphin */ = {
			isa = PBXGroup;
			children = (
				9A9A6A101E0EC9C6008754A4 /* Gryphin.h */,
				9A27B03B1E24728300AFBDA6 /* Extensions */,
				9A8879071E2D5DD9007FB44F /* Shared */,
				9A9A6A351E0EC9E5008754A4 /* Schema */,
				9A9A6A361E0EC9EB008754A4 /* Code Generation */,
				9A9A6A451E0EC9FA008754A4 /* Query Generation */,
				9A8879021E2D40A2007FB44F /* Models */,
				9A9A6A111E0EC9C6008754A4 /* Info.plist */,
			);
			path = Gryphin;
			sourceTree = "<group>";
		};
		9A9A6A1A1E0EC9C6008754A4 /* GryphinTests */ = {
			isa = PBXGroup;
			children = (
				9A8878BF1E254214007FB44F /* Utilities */,
				9A8878BB1E253AB9007FB44F /* Extensions */,
				9A2755601E3E5BE600F3FD4A /* Code Generation */,
				9A8878BC1E253B0A007FB44F /* Query Generation */,
				9A8878BD1E253B64007FB44F /* Schema */,
				9AD6AA731E36575200BF909C /* ModelSerializationTests.swift */,
				9A9A6A1D1E0EC9C6008754A4 /* Info.plist */,
			);
			path = GryphinTests;
			sourceTree = "<group>";
		};
		9A9A6A351E0EC9E5008754A4 /* Schema */ = {
			isa = PBXGroup;
			children = (
				9A7F3C9C1E196F91000D4455 /* Nameable.swift */,
				9AA48FBE1E227D410028F044 /* Typeable.swift */,
				9A7F3C9E1E196FBA000D4455 /* Describeable.swift */,
				9A9A6A281E0EC9E2008754A4 /* Schema.swift */,
				9A9A6A291E0EC9E2008754A4 /* Schema.Kind.swift */,
				9A9A6A2A1E0EC9E2008754A4 /* Schema.ObjectType.swift */,
				9A9A6A2B1E0EC9E2008754A4 /* Schema.Object.swift */,
				9A98A32F1E140B7C00B2AD52 /* Schema.EnumValue.swift */,
				9A9A6A2C1E0EC9E2008754A4 /* Schema.Field.swift */,
				9A7F3C9A1E196E4F000D4455 /* Schema.InputField.swift */,
				9A9A6A2D1E0EC9E2008754A4 /* Schema.Argument.swift */,
				9A9A6A621E0ED345008754A4 /* Schema.Directive.swift */,
			);
			name = Schema;
			sourceTree = "<group>";
		};
		9A9A6A361E0EC9EB008754A4 /* Code Generation */ = {
			isa = PBXGroup;
			children = (
				9A9A6A371E0EC9F8008754A4 /* StringRepresentable.swift */,
				9A98A33A1E159E5100B2AD52 /* Containable.swift */,
				9A9A6A381E0EC9F8008754A4 /* Containing.swift */,
				9A9A6A661E12CAC1008754A4 /* Swift.swift */,
				9A9A6A3B1E0EC9F8008754A4 /* Swift.Visibility.swift */,
				9A9A6A3A1E0EC9F8008754A4 /* Swift.Container.swift */,
				9A98A3401E15F3F800B2AD52 /* Swift.Annotation.swift */,
				9A9A6A6A1E12D2F6008754A4 /* Swift.Line.swift */,
				9A9A6A3C1E0EC9F8008754A4 /* Swift.Class.swift */,
				9A8DAACF1E1712960032CC6F /* Swift.EnumCase.swift */,
				9A9A6A641E12CAA4008754A4 /* Swift.Namespace.swift */,
				9A9A6A3D1E0EC9F8008754A4 /* Swift.Method.swift */,
				9A98A33E1E15F2A700B2AD52 /* Swift.Property.swift */,
				9A98A3381E159B8000B2AD52 /* Swift.Alias.swift */,
				9A98A3311E140EAB00B2AD52 /* Swift.Generator.swift */,
			);
			name = "Code Generation";
			sourceTree = "<group>";
		};
		9A9A6A451E0EC9FA008754A4 /* Query Generation */ = {
			isa = PBXGroup;
			children = (
				9A8878CF1E258585007FB44F /* Environment.swift */,
				9A9A6A461E0ECA33008754A4 /* ValueType.swift */,
				9A9A6A471E0ECA33008754A4 /* ReferenceType.swift */,
				9A9A6A481E0ECA33008754A4 /* ContainerType.swift */,
				9A47206C1E286588002A2B64 /* InputType.swift */,
				9A9A6A4A1E0ECA33008754A4 /* Field.swift */,
				9A8879031E2D4D0D007FB44F /* TypedField.swift */,
				9A27B0361E231AF100AFBDA6 /* InlineFragment.swift */,
				9A9A6A4D1E0ECA33008754A4 /* Parameter.swift */,
			);
			name = "Query Generation";
			sourceTree = "<group>";
		};
		9AAF01601E2EC148004062EE /* Generated */ = {
			isa = PBXGroup;
			children = (
				9AAF01661E2EC295004062EE /* APIModels.swift */,
				9AAF01671E2EC295004062EE /* APISchema.swift */,
			);
			name = Generated;
			sourceTree = "<group>";
		};
/* End PBXGroup section */

/* Begin PBXHeadersBuildPhase section */
		9A9A6A0A1E0EC9C6008754A4 /* Headers */ = {
			isa = PBXHeadersBuildPhase;
			buildActionMask = 2147483647;
			files = (
				9A9A6A1E1E0EC9C6008754A4 /* Gryphin.h in Headers */,
			);
			runOnlyForDeploymentPostprocessing = 0;
		};
/* End PBXHeadersBuildPhase section */

/* Begin PBXNativeTarget section */
		9A9A6A0C1E0EC9C6008754A4 /* Gryphin */ = {
			isa = PBXNativeTarget;
			buildConfigurationList = 9A9A6A211E0EC9C6008754A4 /* Build configuration list for PBXNativeTarget "Gryphin" */;
			buildPhases = (
				9A9A6A081E0EC9C6008754A4 /* Sources */,
				9A9A6A091E0EC9C6008754A4 /* Frameworks */,
				9A9A6A0A1E0EC9C6008754A4 /* Headers */,
				9A9A6A0B1E0EC9C6008754A4 /* Resources */,
			);
			buildRules = (
			);
			dependencies = (
			);
			name = Gryphin;
			productName = Gryphin;
			productReference = 9A9A6A0D1E0EC9C6008754A4 /* Gryphin.framework */;
			productType = "com.apple.product-type.framework";
		};
		9A9A6A151E0EC9C6008754A4 /* GryphinTests */ = {
			isa = PBXNativeTarget;
			buildConfigurationList = 9A9A6A241E0EC9C6008754A4 /* Build configuration list for PBXNativeTarget "GryphinTests" */;
			buildPhases = (
				9A9A6A121E0EC9C6008754A4 /* Sources */,
				9A9A6A131E0EC9C6008754A4 /* Frameworks */,
				9A9A6A141E0EC9C6008754A4 /* Resources */,
			);
			buildRules = (
			);
			dependencies = (
				9A9A6A191E0EC9C6008754A4 /* PBXTargetDependency */,
			);
			name = GryphinTests;
			productName = GryphinTests;
			productReference = 9A9A6A161E0EC9C6008754A4 /* GryphinTests.xctest */;
			productType = "com.apple.product-type.bundle.unit-test";
		};
/* End PBXNativeTarget section */

/* Begin PBXProject section */
		9A9A6A041E0EC9C6008754A4 /* Project object */ = {
			isa = PBXProject;
			attributes = {
				LastSwiftUpdateCheck = 0820;
				LastUpgradeCheck = 0820;
				ORGANIZATIONNAME = "Dima Bart";
				TargetAttributes = {
					9A9A6A0C1E0EC9C6008754A4 = {
						CreatedOnToolsVersion = 8.2.1;
						ProvisioningStyle = Automatic;
					};
					9A9A6A151E0EC9C6008754A4 = {
						CreatedOnToolsVersion = 8.2.1;
						LastSwiftMigration = 0820;
						ProvisioningStyle = Automatic;
					};
				};
			};
			buildConfigurationList = 9A9A6A071E0EC9C6008754A4 /* Build configuration list for PBXProject "Gryphin" */;
			compatibilityVersion = "Xcode 3.2";
			developmentRegion = English;
			hasScannedForEncodings = 0;
			knownRegions = (
				en,
			);
			mainGroup = 9A9A6A031E0EC9C6008754A4;
			productRefGroup = 9A9A6A0E1E0EC9C6008754A4 /* Products */;
			projectDirPath = "";
			projectRoot = "";
			targets = (
				9A9A6A0C1E0EC9C6008754A4 /* Gryphin */,
				9A9A6A151E0EC9C6008754A4 /* GryphinTests */,
			);
		};
/* End PBXProject section */

/* Begin PBXResourcesBuildPhase section */
		9A9A6A0B1E0EC9C6008754A4 /* Resources */ = {
			isa = PBXResourcesBuildPhase;
			buildActionMask = 2147483647;
			files = (
			);
			runOnlyForDeploymentPostprocessing = 0;
		};
		9A9A6A141E0EC9C6008754A4 /* Resources */ = {
			isa = PBXResourcesBuildPhase;
			buildActionMask = 2147483647;
			files = (
				9AD6AA891E3795FC00BF909C /* queryNode.json in Resources */,
				9AD6AA761E3657A200BF909C /* queryComprehensive.json in Resources */,
				9A9A6A611E0ECA55008754A4 /* schema.json in Resources */,
			);
			runOnlyForDeploymentPostprocessing = 0;
		};
/* End PBXResourcesBuildPhase section */

/* Begin PBXSourcesBuildPhase section */
		9A9A6A081E0EC9C6008754A4 /* Sources */ = {
			isa = PBXSourcesBuildPhase;
			buildActionMask = 2147483647;
			files = (
				9A9A6A2F1E0EC9E2008754A4 /* Schema.swift in Sources */,
				9A9A6A301E0EC9E2008754A4 /* Schema.Kind.swift in Sources */,
				9AD6AA6F1E364FDC00BF909C /* APISchema.swift in Sources */,
				9A9A6A331E0EC9E2008754A4 /* Schema.Field.swift in Sources */,
				9AD022081E3BB7FD005C49F8 /* APIModels.swift in Sources */,
				9A47206D1E286588002A2B64 /* InputType.swift in Sources */,
				9A9A6A651E12CAA4008754A4 /* Swift.Namespace.swift in Sources */,
				9A7F3C9B1E196E4F000D4455 /* Schema.InputField.swift in Sources */,
				9A7F3C9D1E196F91000D4455 /* Nameable.swift in Sources */,
				9A9A6A6B1E12D2F6008754A4 /* Swift.Line.swift in Sources */,
				9A9A6A311E0EC9E2008754A4 /* Schema.ObjectType.swift in Sources */,
				9A9A6A501E0ECA33008754A4 /* ContainerType.swift in Sources */,
				9AA48FBF1E227D410028F044 /* Typeable.swift in Sources */,
				9A9A6A2E1E0EC9E2008754A4 /* JsonCreatable.swift in Sources */,
				9A9A6A551E0ECA33008754A4 /* Parameter.swift in Sources */,
				9A9A6A341E0EC9E2008754A4 /* Schema.Argument.swift in Sources */,
				9A27B03D1E24728E00AFBDA6 /* String+CaseConversion.swift in Sources */,
				9AD022051E3BA495005C49F8 /* ConcreteGraphModel.swift in Sources */,
				9A8878D01E258585007FB44F /* Environment.swift in Sources */,
				9A7F3C9F1E196FBA000D4455 /* Describeable.swift in Sources */,
				9A9A6A421E0EC9F8008754A4 /* Swift.Visibility.swift in Sources */,
				9A9A6A521E0ECA33008754A4 /* Field.swift in Sources */,
				9A9A6A321E0EC9E2008754A4 /* Schema.Object.swift in Sources */,
				9A8879041E2D4D0D007FB44F /* TypedField.swift in Sources */,
				9A9A6A671E12CAC1008754A4 /* Swift.swift in Sources */,
				9A98A33C1E159FD200B2AD52 /* Swift.Container.swift in Sources */,
				9A27B0371E231AF100AFBDA6 /* InlineFragment.swift in Sources */,
				9A9A6A431E0EC9F8008754A4 /* Swift.Class.swift in Sources */,
				9A9A6A3E1E0EC9F8008754A4 /* StringRepresentable.swift in Sources */,
				9A98A3391E159B8000B2AD52 /* Swift.Alias.swift in Sources */,
				9AD6AA8C1E37BA0400BF909C /* GraphQL.swift in Sources */,
				9A98A33F1E15F2A700B2AD52 /* Swift.Property.swift in Sources */,
				9A98A3301E140B7C00B2AD52 /* Schema.EnumValue.swift in Sources */,
				9A9A6A4E1E0ECA33008754A4 /* ValueType.swift in Sources */,
				9A98A33B1E159E5100B2AD52 /* Containable.swift in Sources */,
				9A9A6A441E0EC9F8008754A4 /* Swift.Method.swift in Sources */,
				9A9A6A3F1E0EC9F8008754A4 /* Containing.swift in Sources */,
				9A88790C1E2E4719007FB44F /* GraphModel.swift in Sources */,
				9A8DAAD01E1712960032CC6F /* Swift.EnumCase.swift in Sources */,
				9A9A6A631E0ED345008754A4 /* Schema.Directive.swift in Sources */,
				9A9A6A4F1E0ECA33008754A4 /* ReferenceType.swift in Sources */,
				9A98A3411E15F3F800B2AD52 /* Swift.Annotation.swift in Sources */,
				9A98A3321E140EAB00B2AD52 /* Swift.Generator.swift in Sources */,
			);
			runOnlyForDeploymentPostprocessing = 0;
		};
		9A9A6A121E0EC9C6008754A4 /* Sources */ = {
			isa = PBXSourcesBuildPhase;
			buildActionMask = 2147483647;
			files = (
				9AD022111E3F680F005C49F8 /* Swift.LinesTests.swift in Sources */,
				9A27555F1E3E57F500F3FD4A /* ParameterTests.swift in Sources */,
				9A9A6A5D1E0ECA55008754A4 /* FieldTests.swift in Sources */,
				9AD0220F1E3F66E0005C49F8 /* Swift.AnnotationTests.swift in Sources */,
				9A0ECD241E3FE37A00D63B8B /* Swift.ClassTests.swift in Sources */,
				9A2755621E3E5C0E00F3FD4A /* Swift.VisibilityTests.swift in Sources */,
				9A27555D1E3E4C9F00F3FD4A /* InlineFragmentTests.swift in Sources */,
				9A9A6A601E0ECA55008754A4 /* SchemaTests.swift in Sources */,
				9A47206B1E28573A002A2B64 /* ReferenceTypeTests.swift in Sources */,
				9A2755641E3E5CB500F3FD4A /* Swift.ContainerTests.swift in Sources */,
				9A8878F91E2CF344007FB44F /* InputTypeTests.swift in Sources */,
				9A8878FB1E2CF682007FB44F /* ValueTypeTests.swift in Sources */,
				9A27B03F1E24753300AFBDA6 /* String+CaseConversionTests.swift in Sources */,
				9A972A1E1E40BCF7007F7B0B /* Swift.EnumCaseTests.swift in Sources */,
				9A9A6A5C1E0ECA55008754A4 /* String+Newline.swift in Sources */,
				9A27555B1E3E4A6F00F3FD4A /* TypedFieldTests.swift in Sources */,
				9AD6AA741E36575200BF909C /* ModelSerializationTests.swift in Sources */,
				9A8878D21E2588CC007FB44F /* ContainerTypeTests.swift in Sources */,
			);
			runOnlyForDeploymentPostprocessing = 0;
		};
/* End PBXSourcesBuildPhase section */

/* Begin PBXTargetDependency section */
		9A9A6A191E0EC9C6008754A4 /* PBXTargetDependency */ = {
			isa = PBXTargetDependency;
			target = 9A9A6A0C1E0EC9C6008754A4 /* Gryphin */;
			targetProxy = 9A9A6A181E0EC9C6008754A4 /* PBXContainerItemProxy */;
		};
/* End PBXTargetDependency section */

/* Begin XCBuildConfiguration section */
		9A9A6A1F1E0EC9C6008754A4 /* Debug */ = {
			isa = XCBuildConfiguration;
			buildSettings = {
				ALWAYS_SEARCH_USER_PATHS = NO;
				CLANG_ANALYZER_NONNULL = YES;
				CLANG_CXX_LANGUAGE_STANDARD = "gnu++0x";
				CLANG_CXX_LIBRARY = "libc++";
				CLANG_ENABLE_MODULES = YES;
				CLANG_ENABLE_OBJC_ARC = YES;
				CLANG_WARN_BOOL_CONVERSION = YES;
				CLANG_WARN_CONSTANT_CONVERSION = YES;
				CLANG_WARN_DIRECT_OBJC_ISA_USAGE = YES_ERROR;
				CLANG_WARN_DOCUMENTATION_COMMENTS = YES;
				CLANG_WARN_EMPTY_BODY = YES;
				CLANG_WARN_ENUM_CONVERSION = YES;
				CLANG_WARN_INFINITE_RECURSION = YES;
				CLANG_WARN_INT_CONVERSION = YES;
				CLANG_WARN_OBJC_ROOT_CLASS = YES_ERROR;
				CLANG_WARN_SUSPICIOUS_MOVE = YES;
				CLANG_WARN_UNREACHABLE_CODE = YES;
				CLANG_WARN__DUPLICATE_METHOD_MATCH = YES;
				CODE_SIGN_IDENTITY = "-";
				COPY_PHASE_STRIP = NO;
				CURRENT_PROJECT_VERSION = 1;
				DEBUG_INFORMATION_FORMAT = dwarf;
				ENABLE_STRICT_OBJC_MSGSEND = YES;
				ENABLE_TESTABILITY = YES;
				GCC_C_LANGUAGE_STANDARD = gnu99;
				GCC_DYNAMIC_NO_PIC = NO;
				GCC_NO_COMMON_BLOCKS = YES;
				GCC_OPTIMIZATION_LEVEL = 0;
				GCC_PREPROCESSOR_DEFINITIONS = (
					"DEBUG=1",
					"$(inherited)",
				);
				GCC_WARN_64_TO_32_BIT_CONVERSION = YES;
				GCC_WARN_ABOUT_RETURN_TYPE = YES_ERROR;
				GCC_WARN_UNDECLARED_SELECTOR = YES;
				GCC_WARN_UNINITIALIZED_AUTOS = YES_AGGRESSIVE;
				GCC_WARN_UNUSED_FUNCTION = YES;
				GCC_WARN_UNUSED_VARIABLE = YES;
				MACOSX_DEPLOYMENT_TARGET = 10.12;
				MTL_ENABLE_DEBUG_INFO = YES;
				ONLY_ACTIVE_ARCH = YES;
				SDKROOT = macosx;
				SWIFT_ACTIVE_COMPILATION_CONDITIONS = DEBUG;
				SWIFT_OPTIMIZATION_LEVEL = "-Onone";
				VERSIONING_SYSTEM = "apple-generic";
				VERSION_INFO_PREFIX = "";
			};
			name = Debug;
		};
		9A9A6A201E0EC9C6008754A4 /* Release */ = {
			isa = XCBuildConfiguration;
			buildSettings = {
				ALWAYS_SEARCH_USER_PATHS = NO;
				CLANG_ANALYZER_NONNULL = YES;
				CLANG_CXX_LANGUAGE_STANDARD = "gnu++0x";
				CLANG_CXX_LIBRARY = "libc++";
				CLANG_ENABLE_MODULES = YES;
				CLANG_ENABLE_OBJC_ARC = YES;
				CLANG_WARN_BOOL_CONVERSION = YES;
				CLANG_WARN_CONSTANT_CONVERSION = YES;
				CLANG_WARN_DIRECT_OBJC_ISA_USAGE = YES_ERROR;
				CLANG_WARN_DOCUMENTATION_COMMENTS = YES;
				CLANG_WARN_EMPTY_BODY = YES;
				CLANG_WARN_ENUM_CONVERSION = YES;
				CLANG_WARN_INFINITE_RECURSION = YES;
				CLANG_WARN_INT_CONVERSION = YES;
				CLANG_WARN_OBJC_ROOT_CLASS = YES_ERROR;
				CLANG_WARN_SUSPICIOUS_MOVE = YES;
				CLANG_WARN_UNREACHABLE_CODE = YES;
				CLANG_WARN__DUPLICATE_METHOD_MATCH = YES;
				CODE_SIGN_IDENTITY = "-";
				COPY_PHASE_STRIP = NO;
				CURRENT_PROJECT_VERSION = 1;
				DEBUG_INFORMATION_FORMAT = "dwarf-with-dsym";
				ENABLE_NS_ASSERTIONS = NO;
				ENABLE_STRICT_OBJC_MSGSEND = YES;
				GCC_C_LANGUAGE_STANDARD = gnu99;
				GCC_NO_COMMON_BLOCKS = YES;
				GCC_WARN_64_TO_32_BIT_CONVERSION = YES;
				GCC_WARN_ABOUT_RETURN_TYPE = YES_ERROR;
				GCC_WARN_UNDECLARED_SELECTOR = YES;
				GCC_WARN_UNINITIALIZED_AUTOS = YES_AGGRESSIVE;
				GCC_WARN_UNUSED_FUNCTION = YES;
				GCC_WARN_UNUSED_VARIABLE = YES;
				MACOSX_DEPLOYMENT_TARGET = 10.12;
				MTL_ENABLE_DEBUG_INFO = NO;
				SDKROOT = macosx;
				SWIFT_OPTIMIZATION_LEVEL = "-Owholemodule";
				VERSIONING_SYSTEM = "apple-generic";
				VERSION_INFO_PREFIX = "";
			};
			name = Release;
		};
		9A9A6A221E0EC9C6008754A4 /* Debug */ = {
			isa = XCBuildConfiguration;
			buildSettings = {
				CODE_SIGN_IDENTITY = "";
				COMBINE_HIDPI_IMAGES = YES;
				DEFINES_MODULE = YES;
				DYLIB_COMPATIBILITY_VERSION = 1;
				DYLIB_CURRENT_VERSION = 1;
				DYLIB_INSTALL_NAME_BASE = "@rpath";
				FRAMEWORK_VERSION = A;
				INFOPLIST_FILE = Gryphin/Info.plist;
				INSTALL_PATH = "$(LOCAL_LIBRARY_DIR)/Frameworks";
				LD_RUNPATH_SEARCH_PATHS = "$(inherited) @executable_path/../Frameworks @loader_path/Frameworks";
				PRODUCT_BUNDLE_IDENTIFIER = com.dimabart.Gryphin;
				PRODUCT_NAME = "$(TARGET_NAME)";
				SKIP_INSTALL = YES;
				SWIFT_VERSION = 3.0;
			};
			name = Debug;
		};
		9A9A6A231E0EC9C6008754A4 /* Release */ = {
			isa = XCBuildConfiguration;
			buildSettings = {
				CODE_SIGN_IDENTITY = "";
				COMBINE_HIDPI_IMAGES = YES;
				DEFINES_MODULE = YES;
				DYLIB_COMPATIBILITY_VERSION = 1;
				DYLIB_CURRENT_VERSION = 1;
				DYLIB_INSTALL_NAME_BASE = "@rpath";
				FRAMEWORK_VERSION = A;
				INFOPLIST_FILE = Gryphin/Info.plist;
				INSTALL_PATH = "$(LOCAL_LIBRARY_DIR)/Frameworks";
				LD_RUNPATH_SEARCH_PATHS = "$(inherited) @executable_path/../Frameworks @loader_path/Frameworks";
				PRODUCT_BUNDLE_IDENTIFIER = com.dimabart.Gryphin;
				PRODUCT_NAME = "$(TARGET_NAME)";
				SKIP_INSTALL = YES;
				SWIFT_VERSION = 3.0;
			};
			name = Release;
		};
		9A9A6A251E0EC9C6008754A4 /* Debug */ = {
			isa = XCBuildConfiguration;
			buildSettings = {
				ALWAYS_EMBED_SWIFT_STANDARD_LIBRARIES = YES;
				CLANG_ENABLE_MODULES = YES;
				COMBINE_HIDPI_IMAGES = YES;
				INFOPLIST_FILE = GryphinTests/Info.plist;
				LD_RUNPATH_SEARCH_PATHS = "$(inherited) @executable_path/../Frameworks @loader_path/../Frameworks";
				PRODUCT_BUNDLE_IDENTIFIER = com.dimabart.GryphinTests;
				PRODUCT_NAME = "$(TARGET_NAME)";
				SWIFT_OPTIMIZATION_LEVEL = "-Onone";
				SWIFT_VERSION = 3.0;
			};
			name = Debug;
		};
		9A9A6A261E0EC9C6008754A4 /* Release */ = {
			isa = XCBuildConfiguration;
			buildSettings = {
				ALWAYS_EMBED_SWIFT_STANDARD_LIBRARIES = YES;
				CLANG_ENABLE_MODULES = YES;
				COMBINE_HIDPI_IMAGES = YES;
				INFOPLIST_FILE = GryphinTests/Info.plist;
				LD_RUNPATH_SEARCH_PATHS = "$(inherited) @executable_path/../Frameworks @loader_path/../Frameworks";
				PRODUCT_BUNDLE_IDENTIFIER = com.dimabart.GryphinTests;
				PRODUCT_NAME = "$(TARGET_NAME)";
				SWIFT_VERSION = 3.0;
			};
			name = Release;
		};
/* End XCBuildConfiguration section */

/* Begin XCConfigurationList section */
		9A9A6A071E0EC9C6008754A4 /* Build configuration list for PBXProject "Gryphin" */ = {
			isa = XCConfigurationList;
			buildConfigurations = (
				9A9A6A1F1E0EC9C6008754A4 /* Debug */,
				9A9A6A201E0EC9C6008754A4 /* Release */,
			);
			defaultConfigurationIsVisible = 0;
			defaultConfigurationName = Release;
		};
		9A9A6A211E0EC9C6008754A4 /* Build configuration list for PBXNativeTarget "Gryphin" */ = {
			isa = XCConfigurationList;
			buildConfigurations = (
				9A9A6A221E0EC9C6008754A4 /* Debug */,
				9A9A6A231E0EC9C6008754A4 /* Release */,
			);
			defaultConfigurationIsVisible = 0;
			defaultConfigurationName = Release;
		};
		9A9A6A241E0EC9C6008754A4 /* Build configuration list for PBXNativeTarget "GryphinTests" */ = {
			isa = XCConfigurationList;
			buildConfigurations = (
				9A9A6A251E0EC9C6008754A4 /* Debug */,
				9A9A6A261E0EC9C6008754A4 /* Release */,
			);
			defaultConfigurationIsVisible = 0;
			defaultConfigurationName = Release;
		};
/* End XCConfigurationList section */
	};
	rootObject = 9A9A6A041E0EC9C6008754A4 /* Project object */;
}
